// !$*UTF8*$!
{
	archiveVersion = 1;
	classes = {
	};
	objectVersion = 60;
	objects = {

/* Begin PBXBuildFile section */
		AA00000000000000000003B1 /* PVEvidenceIcon.swift in Sources */ = {isa = PBXBuildFile; fileRef = AA00000000000000000003B0 /* PVEvidenceIcon.swift */; };
		AA00000000000000000003B3 /* PVFileTypeGlyphTests.swift in Sources */ = {isa = PBXBuildFile; fileRef = AA00000000000000000003B2 /* PVFileTypeGlyphTests.swift */; };
		AA0000000000000000000301 /* PVThumbnail.swift in Sources */ = {isa = PBXBuildFile; fileRef = AA0000000000000000000300 /* PVThumbnail.swift */; };
		AA0000000000000000000303 /* PVList.swift in Sources */ = {isa = PBXBuildFile; fileRef = AA0000000000000000000302 /* PVList.swift */; };
		AA000000000000000000031F /* PVReorderableList.swift in Sources */ = {isa = PBXBuildFile; fileRef = AA0000000000000000000320 /* PVReorderableList.swift */; };
		AA0000000000000000000305 /* PVDialog.swift in Sources */ = {isa = PBXBuildFile; fileRef = AA0000000000000000000304 /* PVDialog.swift */; };
		AA0000000000000000000307 /* SourcesModel.swift in Sources */ = {isa = PBXBuildFile; fileRef = AA0000000000000000000306 /* SourcesModel.swift */; };
		AA0000000000000000000309 /* SourcesView.swift in Sources */ = {isa = PBXBuildFile; fileRef = AA0000000000000000000308 /* SourcesView.swift */; };
		AA0000000000000000000311 /* SourcePageView.swift in Sources */ = {isa = PBXBuildFile; fileRef = AA0000000000000000000310 /* SourcePageView.swift */; };
		AA0000000000000000000317 /* PVBreadcrumbs.swift in Sources */ = {isa = PBXBuildFile; fileRef = AA0000000000000000000318 /* PVBreadcrumbs.swift */; };
		AA0000000000000000000319 /* SourcePageModel.swift in Sources */ = {isa = PBXBuildFile; fileRef = AA000000000000000000031A /* SourcePageModel.swift */; };
		AA0000000000000000000341 /* SourcePageContext.swift in Sources */ = {isa = PBXBuildFile; fileRef = AA0000000000000000000340 /* SourcePageContext.swift */; };
		AA0000000000000000000343 /* SourceIdentitySection.swift in Sources */ = {isa = PBXBuildFile; fileRef = AA0000000000000000000342 /* SourceIdentitySection.swift */; };
		AA0000000000000000000345 /* SourceCredibilitySection.swift in Sources */ = {isa = PBXBuildFile; fileRef = AA0000000000000000000344 /* SourceCredibilitySection.swift */; };
		AA0000000000000000000347 /* SourceMetadataSection.swift in Sources */ = {isa = PBXBuildFile; fileRef = AA0000000000000000000346 /* SourceMetadataSection.swift */; };
		AA0000000000000000000349 /* SourceNotesSection.swift in Sources */ = {isa = PBXBuildFile; fileRef = AA0000000000000000000348 /* SourceNotesSection.swift */; };
		AA000000000000000000034B /* SourceArtifactsSection.swift in Sources */ = {isa = PBXBuildFile; fileRef = AA000000000000000000034A /* SourceArtifactsSection.swift */; };
		AA0000000000000000000361 /* SourcePageChrome.swift in Sources */ = {isa = PBXBuildFile; fileRef = AA0000000000000000000360 /* SourcePageChrome.swift */; };
		AA0000000000000000000363 /* SourcePageIdentityHeader.swift in Sources */ = {isa = PBXBuildFile; fileRef = AA0000000000000000000362 /* SourcePageIdentityHeader.swift */; };
		AA0000000000000000000365 /* SourcePageDescriptionView.swift in Sources */ = {isa = PBXBuildFile; fileRef = AA0000000000000000000364 /* SourcePageDescriptionView.swift */; };
		AA0000000000000000000367 /* SourcePageCredibilityView.swift in Sources */ = {isa = PBXBuildFile; fileRef = AA0000000000000000000366 /* SourcePageCredibilityView.swift */; };
		AA0000000000000000000369 /* SourcePageMetadataView.swift in Sources */ = {isa = PBXBuildFile; fileRef = AA0000000000000000000368 /* SourcePageMetadataView.swift */; };
		AA000000000000000000036B /* SourcePageArtifactsView.swift in Sources */ = {isa = PBXBuildFile; fileRef = AA000000000000000000036A /* SourcePageArtifactsView.swift */; };
		AA000000000000000000036D /* SourcePageNotesView.swift in Sources */ = {isa = PBXBuildFile; fileRef = AA000000000000000000036C /* SourcePageNotesView.swift */; };
		AA0000000000000000000371 /* PVInlineEdit.swift in Sources */ = {isa = PBXBuildFile; fileRef = AA0000000000000000000370 /* PVInlineEdit.swift */; };
		AA0000000000000000000373 /* PVTextArea.swift in Sources */ = {isa = PBXBuildFile; fileRef = AA0000000000000000000372 /* PVTextArea.swift */; };
		AA0000000000000000000375 /* PVChip.swift in Sources */ = {isa = PBXBuildFile; fileRef = AA0000000000000000000374 /* PVChip.swift */; };
		AA0000000000000000000377 /* PVCard.swift in Sources */ = {isa = PBXBuildFile; fileRef = AA0000000000000000000376 /* PVCard.swift */; };
		AA0000000000000000000379 /* PVSectionHeader.swift in Sources */ = {isa = PBXBuildFile; fileRef = AA0000000000000000000378 /* PVSectionHeader.swift */; };
		AA0000000000000000000331 /* DateValueDraft.swift in Sources */ = {isa = PBXBuildFile; fileRef = AA0000000000000000000330 /* DateValueDraft.swift */; };
		AA0000000000000000000335 /* DateValueEditorForm.swift in Sources */ = {isa = PBXBuildFile; fileRef = AA0000000000000000000336 /* DateValueEditorForm.swift */; };
		AA000000000000000000031B /* ProjectFiles.swift in Sources */ = {isa = PBXBuildFile; fileRef = AA000000000000000000031C /* ProjectFiles.swift */; };
		AA0000000000000000000391 /* ThumbnailCache.swift in Sources */ = {isa = PBXBuildFile; fileRef = AA0000000000000000000390 /* ThumbnailCache.swift */; };
		AA0000000000000000000393 /* CachedThumbnail.swift in Sources */ = {isa = PBXBuildFile; fileRef = AA0000000000000000000392 /* CachedThumbnail.swift */; };
		AA0000000000000000000395 /* ThumbnailCacheTests.swift in Sources */ = {isa = PBXBuildFile; fileRef = AA0000000000000000000394 /* ThumbnailCacheTests.swift */; };
		AA0000000000000000000351 /* TimestampFormat.swift in Sources */ = {isa = PBXBuildFile; fileRef = AA0000000000000000000350 /* TimestampFormat.swift */; };
		AA000000000000000000031D /* SourcePageModelTests.swift in Sources */ = {isa = PBXBuildFile; fileRef = AA000000000000000000031E /* SourcePageModelTests.swift */; };
		AA0000000000000000000333 /* DateValueDraftTests.swift in Sources */ = {isa = PBXBuildFile; fileRef = AA0000000000000000000332 /* DateValueDraftTests.swift */; };
		AA0000000000000000000313 /* SourcesModelTests.swift in Sources */ = {isa = PBXBuildFile; fileRef = AA0000000000000000000312 /* SourcesModelTests.swift */; };
		AA0000000000000000000315 /* PVListTests.swift in Sources */ = {isa = PBXBuildFile; fileRef = AA0000000000000000000314 /* PVListTests.swift */; };
		01574F7767F9B0AF5550AFAD /* PVMotion.swift in Sources */ = {isa = PBXBuildFile; fileRef = C355704657FB6A572BF7FD6A /* PVMotion.swift */; };
		AA0000000000000000000210 /* OriginMarkers.swift in Sources */ = {isa = PBXBuildFile; fileRef = AA0000000000000000000200 /* OriginMarkers.swift */; };
		AA0000000000000000000240 /* PVComboBox.swift in Sources */ = {isa = PBXBuildFile; fileRef = AA0000000000000000000230 /* PVComboBox.swift */; };
		AA0000000000000000000242 /* PVComboBoxTests.swift in Sources */ = {isa = PBXBuildFile; fileRef = AA0000000000000000000232 /* PVComboBoxTests.swift */; };
		AA0000000000000000000211 /* MetadataFieldBadges.swift in Sources */ = {isa = PBXBuildFile; fileRef = AA0000000000000000000201 /* MetadataFieldBadges.swift */; };
		AA0000000000000000000381 /* CredibilityMarkers.swift in Sources */ = {isa = PBXBuildFile; fileRef = AA0000000000000000000380 /* CredibilityMarkers.swift */; };
		AA0000000000000000000383 /* SourceTypeMarkers.swift in Sources */ = {isa = PBXBuildFile; fileRef = AA0000000000000000000382 /* SourceTypeMarkers.swift */; };
		AA0000000000000000000260 /* VocabularyPane.swift in Sources */ = {isa = PBXBuildFile; fileRef = AA0000000000000000000250 /* VocabularyPane.swift */; };
		AA0000000000000000000261 /* VocabularyListPane.swift in Sources */ = {isa = PBXBuildFile; fileRef = AA0000000000000000000251 /* VocabularyListPane.swift */; };
		AA0000000000000000000262 /* VocabularyChrome.swift in Sources */ = {isa = PBXBuildFile; fileRef = AA0000000000000000000252 /* VocabularyChrome.swift */; };
		AA0000000000000000000263 /* CatalogCounts.swift in Sources */ = {isa = PBXBuildFile; fileRef = AA0000000000000000000253 /* CatalogCounts.swift */; };
		AA0000000000000000000271 /* CatalogCountsTests.swift in Sources */ = {isa = PBXBuildFile; fileRef = AA0000000000000000000270 /* CatalogCountsTests.swift */; };
		AA00000000000000000003A1 /* CatalogSessionStoreTests.swift in Sources */ = {isa = PBXBuildFile; fileRef = AA00000000000000000003A0 /* CatalogSessionStoreTests.swift */; };
		AA0000000000000000000212 /* SourceTypesModel.swift in Sources */ = {isa = PBXBuildFile; fileRef = AA0000000000000000000202 /* SourceTypesModel.swift */; };
		AA0000000000000000000213 /* SourceTypesView.swift in Sources */ = {isa = PBXBuildFile; fileRef = AA0000000000000000000203 /* SourceTypesView.swift */; };
		AA0000000000000000000214 /* SourceTypesListPane.swift in Sources */ = {isa = PBXBuildFile; fileRef = AA0000000000000000000204 /* SourceTypesListPane.swift */; };
		AA0000000000000000000215 /* SourceTypesDetailPane.swift in Sources */ = {isa = PBXBuildFile; fileRef = AA0000000000000000000205 /* SourceTypesDetailPane.swift */; };
		AA0000000000000000000216 /* SourceTypesModelTests.swift in Sources */ = {isa = PBXBuildFile; fileRef = AA0000000000000000000206 /* SourceTypesModelTests.swift */; };
		07D60E0FE9704E4723AE18DD /* PVLogoMark.swift in Sources */ = {isa = PBXBuildFile; fileRef = 11ADAF744C32587CD34CDD23 /* PVLogoMark.swift */; };
		080D24179717B185C273478D /* PVField.swift in Sources */ = {isa = PBXBuildFile; fileRef = 16D4D3531F81FABFCDDE4F84 /* PVField.swift */; };
		13208FE0B57739DECCA156C7 /* WorkspaceChrome.swift in Sources */ = {isa = PBXBuildFile; fileRef = A5B33345A1FE839C1516B4FC /* WorkspaceChrome.swift */; };
		14A19539FB0D86BB050EC437 /* WorkspaceView.swift in Sources */ = {isa = PBXBuildFile; fileRef = D8F65C4577481FF5F505271F /* WorkspaceView.swift */; };
		1538A09B7711459456E31FCD /* PVRadius.swift in Sources */ = {isa = PBXBuildFile; fileRef = 2B7FCE6BAF87CC79B6907492 /* PVRadius.swift */; };
		210C39BBEED71061425C528F /* PVElevation.swift in Sources */ = {isa = PBXBuildFile; fileRef = 9A63753F8D90991976A28F13 /* PVElevation.swift */; };
		391CDC6A5D45C6C9E15EC251 /* SignOutCoordinator.swift in Sources */ = {isa = PBXBuildFile; fileRef = F56B617548A3EF65699270F8 /* SignOutCoordinator.swift */; };
		504C4A2D17A9AC30A47D4E37 /* PVSelect.swift in Sources */ = {isa = PBXBuildFile; fileRef = 28FB7FB1DE947EE962F4BA83 /* PVSelect.swift */; };
		537CBAF612C54F4F04ADA683 /* PVSpacing.swift in Sources */ = {isa = PBXBuildFile; fileRef = 9BEB8D3B3D1A6C08B3733B13 /* PVSpacing.swift */; };
		563FA9B6FA344585CE32B2A7 /* PVIconButton.swift in Sources */ = {isa = PBXBuildFile; fileRef = 68425DFE8D1974D7A4AC5BF8 /* PVIconButton.swift */; };
		56FF85A0EB2688B0B226A023 /* PVTypography.swift in Sources */ = {isa = PBXBuildFile; fileRef = E2789221068BF64015C43CA5 /* PVTypography.swift */; };
		57420D5CDD1330745ACC33FD /* SourceFieldsDetailPane.swift in Sources */ = {isa = PBXBuildFile; fileRef = DAA7D6A46A5016665371A2C5 /* SourceFieldsDetailPane.swift */; };
		60591A4DC996FC9EB9F29023 /* PVColor.swift in Sources */ = {isa = PBXBuildFile; fileRef = 4094CD05F31CFF0AA37C888A /* PVColor.swift */; };
		6227C44524E2C4EB3DE4AAD7 /* WorkspaceSidebar.swift in Sources */ = {isa = PBXBuildFile; fileRef = C1FE31A30B665829ECF16A6F /* WorkspaceSidebar.swift */; };
		6422592F5C31D8F535B03C6A /* SourceFieldsView.swift in Sources */ = {isa = PBXBuildFile; fileRef = 950877B33DC4E16E5BA8B5D6 /* SourceFieldsView.swift */; };
		6D245285E4AB8AAFDE78E313 /* PVIcon.swift in Sources */ = {isa = PBXBuildFile; fileRef = 36412B0A6A6851ADB45A7AA8 /* PVIcon.swift */; };
		6F7945720B05D7777BFA79A2 /* WorkspaceModel.swift in Sources */ = {isa = PBXBuildFile; fileRef = F03B00F6F0D021AFCDAD2DEB /* WorkspaceModel.swift */; };
		826574F8CA8D24BE551A88BF /* WorkspaceModelTests.swift in Sources */ = {isa = PBXBuildFile; fileRef = 164584B2DB70D89A55C4178F /* WorkspaceModelTests.swift */; };
		840A56FF5DC13597C1DFDDF9 /* TrafficLights.swift in Sources */ = {isa = PBXBuildFile; fileRef = 85C0991FB99984CAEB385DA4 /* TrafficLights.swift */; };
		854A784AE802C0EF7A484971 /* PVToast.swift in Sources */ = {isa = PBXBuildFile; fileRef = 8FC0B0A893C7248A08303738 /* PVToast.swift */; };
		89CEBFA09358C67639951CE0 /* PVEmptyState.swift in Sources */ = {isa = PBXBuildFile; fileRef = 3555554CD714B1FD24C2DB2F /* PVEmptyState.swift */; };
		AA00000000000000000000C6 /* PVConfirm.swift in Sources */ = {isa = PBXBuildFile; fileRef = AA00000000000000000000C7 /* PVConfirm.swift */; };
		AA00000000000000000000C1 /* PVTable.swift in Sources */ = {isa = PBXBuildFile; fileRef = AA00000000000000000000C2 /* PVTable.swift */; };
		8B20E11A26E9E10EF915519C /* TrafficLightsTests.swift in Sources */ = {isa = PBXBuildFile; fileRef = B567080CA23230E18488F894 /* TrafficLightsTests.swift */; };
		9BCF5ECCD155C02B71931BB5 /* FieldSlug.swift in Sources */ = {isa = PBXBuildFile; fileRef = E07E52EC527189A4A377F9AD /* FieldSlug.swift */; };
		A62122AE913D5F5B8B72D083 /* PVCallout.swift in Sources */ = {isa = PBXBuildFile; fileRef = C9B9D94DAB5FD1587C260FE3 /* PVCallout.swift */; };
		A790E2993DB9D42163403BA3 /* PreviewFixtures.swift in Sources */ = {isa = PBXBuildFile; fileRef = F10C63066463B02E05808F78 /* PreviewFixtures.swift */; };
		AA0000000000000000000001 /* ProvenenciaApp.swift in Sources */ = {isa = PBXBuildFile; fileRef = AA0000000000000000000010 /* ProvenenciaApp.swift */; };
		AA0000000000000000000002 /* OnboardingView.swift in Sources */ = {isa = PBXBuildFile; fileRef = AA0000000000000000000011 /* OnboardingView.swift */; };
		AA0000000000000000000003 /* Assets.xcassets in Resources */ = {isa = PBXBuildFile; fileRef = AA0000000000000000000012 /* Assets.xcassets */; };
		AA0000000000000000000004 /* engine.pb.swift in Sources */ = {isa = PBXBuildFile; fileRef = AA0000000000000000000013 /* engine.pb.swift */; };
		AA0000000000000000000005 /* GenealogyStore.swift in Sources */ = {isa = PBXBuildFile; fileRef = AA0000000000000000000014 /* GenealogyStore.swift */; };
		AA0000000000000000000006 /* FakeStore.swift in Sources */ = {isa = PBXBuildFile; fileRef = AA0000000000000000000015 /* FakeStore.swift */; };
		AA0000000000000000000007 /* GoStore.swift in Sources */ = {isa = PBXBuildFile; fileRef = AA0000000000000000000016 /* GoStore.swift */; };
		AA0000000000000000000008 /* CoreInvoke.swift in Sources */ = {isa = PBXBuildFile; fileRef = AA0000000000000000000017 /* CoreInvoke.swift */; };
		AA0000000000000000000009 /* libprovenencia.dylib in Frameworks */ = {isa = PBXBuildFile; fileRef = AA0000000000000000000018 /* libprovenencia.dylib */; };
		AA000000000000000000000A /* libprovenencia.dylib in Embed Libraries */ = {isa = PBXBuildFile; fileRef = AA0000000000000000000018 /* libprovenencia.dylib */; settings = {ATTRIBUTES = (CodeSignOnCopy, ); }; };
		AA000000000000000000000B /* SwiftProtobuf in Frameworks */ = {isa = PBXBuildFile; productRef = AA0000000000000000000091 /* SwiftProtobuf */; };
		AA000000000000000000000C /* OnboardingModel.swift in Sources */ = {isa = PBXBuildFile; fileRef = AA000000000000000000001C /* OnboardingModel.swift */; };
		AA000000000000000000000D /* InstallPaths.swift in Sources */ = {isa = PBXBuildFile; fileRef = AA000000000000000000001D /* InstallPaths.swift */; };
		AA00000000000000000000B3 /* OnboardingModelTests.swift in Sources */ = {isa = PBXBuildFile; fileRef = AA00000000000000000000B0 /* OnboardingModelTests.swift */; };
		AA00000000000000000000B4 /* InstallPathsTests.swift in Sources */ = {isa = PBXBuildFile; fileRef = AA00000000000000000000B1 /* InstallPathsTests.swift */; };
		AA0000000000000000000353 /* TimestampFormatTests.swift in Sources */ = {isa = PBXBuildFile; fileRef = AA0000000000000000000352 /* TimestampFormatTests.swift */; };
		AA00000000000000000000D4 /* OnboardingChooseFileView.swift in Sources */ = {isa = PBXBuildFile; fileRef = AA00000000000000000000D0 /* OnboardingChooseFileView.swift */; };
		AA00000000000000000000D5 /* OnboardingIdentifyView.swift in Sources */ = {isa = PBXBuildFile; fileRef = AA00000000000000000000D1 /* OnboardingIdentifyView.swift */; };
		AA00000000000000000000D7 /* OnboardingFileChoice.swift in Sources */ = {isa = PBXBuildFile; fileRef = AA00000000000000000000D3 /* OnboardingFileChoice.swift */; };
		AA00000000000000000000E3 /* Localizable.xcstrings in Resources */ = {isa = PBXBuildFile; fileRef = AA00000000000000000000E0 /* Localizable.xcstrings */; };
		AA00000000000000000000E4 /* InfoPlist.xcstrings in Resources */ = {isa = PBXBuildFile; fileRef = AA00000000000000000000E1 /* InfoPlist.xcstrings */; };
		AA00000000000000000000E5 /* L10n.swift in Sources */ = {isa = PBXBuildFile; fileRef = AA00000000000000000000E2 /* L10n.swift */; };
		AA00000000000000000000F1 /* ProjectSlug.swift in Sources */ = {isa = PBXBuildFile; fileRef = AA00000000000000000000F0 /* ProjectSlug.swift */; };
		AA00000000000000000000F3 /* ProjectSlugTests.swift in Sources */ = {isa = PBXBuildFile; fileRef = AA00000000000000000000F2 /* ProjectSlugTests.swift */; };
		AA00000000000000000000F5 /* OnboardingPage.swift in Sources */ = {isa = PBXBuildFile; fileRef = AA00000000000000000000F4 /* OnboardingPage.swift */; };
		AA0000000000000000000101 /* OnboardingOpenPicker.swift in Sources */ = {isa = PBXBuildFile; fileRef = AA0000000000000000000100 /* OnboardingOpenPicker.swift */; };
		AA0000000000000000000103 /* OnboardingProjectMetaLines.swift in Sources */ = {isa = PBXBuildFile; fileRef = AA0000000000000000000102 /* OnboardingProjectMetaLines.swift */; };
		AA0000000000000000000105 /* OnboardingFooter.swift in Sources */ = {isa = PBXBuildFile; fileRef = AA0000000000000000000104 /* OnboardingFooter.swift */; };
		AA0000000000000000000107 /* OnboardingContributorRow.swift in Sources */ = {isa = PBXBuildFile; fileRef = AA0000000000000000000106 /* OnboardingContributorRow.swift */; };
		B2C3D4E5F60718293A4B5C6D /* WindowDragRegion.swift in Sources */ = {isa = PBXBuildFile; fileRef = A1B2C3D4E5F60718293A4B5C /* WindowDragRegion.swift */; };
		327D9751467546DCB56EC478 /* WindowSizing.swift in Sources */ = {isa = PBXBuildFile; fileRef = 7F69681C808F487B9BD6E7AA /* WindowSizing.swift */; };
		BD1582FF721A5711F38C97A0 /* SourceFieldsModel.swift in Sources */ = {isa = PBXBuildFile; fileRef = 3B7791238B5C7C6F0C5BE388 /* SourceFieldsModel.swift */; };
		BE57602FF7EBA86C1DEE63FF /* PVBadge.swift in Sources */ = {isa = PBXBuildFile; fileRef = F3E732F3D44BB89512758F85 /* PVBadge.swift */; };
		A1B2C3D4E5F60718293A4B5E /* PVDivider.swift in Sources */ = {isa = PBXBuildFile; fileRef = B2C3D4E5F60718293A4B5E01 /* PVDivider.swift */; };
		CA918E2A0BCB420DA8CD87E5 /* PVButton.swift in Sources */ = {isa = PBXBuildFile; fileRef = A0AE6B1748FA280F95478205 /* PVButton.swift */; };
		CE7E43F00CA602E2794E0ADA /* SourceFieldsModelTests.swift in Sources */ = {isa = PBXBuildFile; fileRef = 4F0CB87F6EC5759DF8D0A7AF /* SourceFieldsModelTests.swift */; };
		D0D0E4841104F1836736A7CD /* SourceFieldsListPane.swift in Sources */ = {isa = PBXBuildFile; fileRef = 8E4ED11C20279A6A4CE40A64 /* SourceFieldsListPane.swift */; };
		DA26E3BA97D438A7561ED96D /* WorkspaceContent.swift in Sources */ = {isa = PBXBuildFile; fileRef = 48B417D5E38F11219198BF91 /* WorkspaceContent.swift */; };
		DC8E6C8D157C17756D4C2AC8 /* Fonts in Resources */ = {isa = PBXBuildFile; fileRef = 1B183C69AA74C2C22006FC05 /* Fonts */; };
		E3D046BD80595D1F07691D1F /* PVHoverEffect.swift in Sources */ = {isa = PBXBuildFile; fileRef = CEC485E7480EE58A01EA9A85 /* PVHoverEffect.swift */; };
		E63D8CEC3F6AC5C7E90EBBFE /* FieldSlugTests.swift in Sources */ = {isa = PBXBuildFile; fileRef = 8291342170CC4CB42EFA814C /* FieldSlugTests.swift */; };
		AA00000000000000000000C4 /* PVTableTests.swift in Sources */ = {isa = PBXBuildFile; fileRef = AA00000000000000000000C5 /* PVTableTests.swift */; };
		E9178C44063AD95B47B5D524 /* PVSidebarNav.swift in Sources */ = {isa = PBXBuildFile; fileRef = E98DA667F92287934B46B640 /* PVSidebarNav.swift */; };
		ECC25906B62C6453A5CB9D25 /* PVInput.swift in Sources */ = {isa = PBXBuildFile; fileRef = 40F72A548E04F25E0AA30CDB /* PVInput.swift */; };
/* End PBXBuildFile section */

/* Begin PBXContainerItemProxy section */
		AA00000000000000000000BD /* PBXContainerItemProxy */ = {
			isa = PBXContainerItemProxy;
			containerPortal = AA0000000000000000000000 /* Project object */;
			proxyType = 1;
			remoteGlobalIDString = AA0000000000000000000050;
			remoteInfo = Provenencia;
		};
/* End PBXContainerItemProxy section */

/* Begin PBXCopyFilesBuildPhase section */
		AA0000000000000000000062 /* Embed Libraries */ = {
			isa = PBXCopyFilesBuildPhase;
			buildActionMask = 2147483647;
			dstPath = "";
			dstSubfolderSpec = 10;
			files = (
				AA000000000000000000000A /* libprovenencia.dylib in Embed Libraries */,
			);
			name = "Embed Libraries";
			runOnlyForDeploymentPostprocessing = 0;
		};
/* End PBXCopyFilesBuildPhase section */

/* Begin PBXFileReference section */
		AA00000000000000000003B0 /* PVEvidenceIcon.swift */ = {isa = PBXFileReference; includeInIndex = 1; lastKnownFileType = sourcecode.swift; path = PVEvidenceIcon.swift; sourceTree = "<group>"; };
		AA00000000000000000003B2 /* PVFileTypeGlyphTests.swift */ = {isa = PBXFileReference; includeInIndex = 1; lastKnownFileType = sourcecode.swift; path = PVFileTypeGlyphTests.swift; sourceTree = "<group>"; };
		AA0000000000000000000300 /* PVThumbnail.swift */ = {isa = PBXFileReference; includeInIndex = 1; lastKnownFileType = sourcecode.swift; path = PVThumbnail.swift; sourceTree = "<group>"; };
		AA0000000000000000000302 /* PVList.swift */ = {isa = PBXFileReference; includeInIndex = 1; lastKnownFileType = sourcecode.swift; path = PVList.swift; sourceTree = "<group>"; };
		AA0000000000000000000320 /* PVReorderableList.swift */ = {isa = PBXFileReference; includeInIndex = 1; lastKnownFileType = sourcecode.swift; path = PVReorderableList.swift; sourceTree = "<group>"; };
		AA0000000000000000000304 /* PVDialog.swift */ = {isa = PBXFileReference; includeInIndex = 1; lastKnownFileType = sourcecode.swift; path = PVDialog.swift; sourceTree = "<group>"; };
		AA0000000000000000000306 /* SourcesModel.swift */ = {isa = PBXFileReference; includeInIndex = 1; lastKnownFileType = sourcecode.swift; path = SourcesModel.swift; sourceTree = "<group>"; };
		AA0000000000000000000308 /* SourcesView.swift */ = {isa = PBXFileReference; includeInIndex = 1; lastKnownFileType = sourcecode.swift; path = SourcesView.swift; sourceTree = "<group>"; };
		AA0000000000000000000310 /* SourcePageView.swift */ = {isa = PBXFileReference; includeInIndex = 1; lastKnownFileType = sourcecode.swift; path = SourcePageView.swift; sourceTree = "<group>"; };
		AA0000000000000000000318 /* PVBreadcrumbs.swift */ = {isa = PBXFileReference; includeInIndex = 1; lastKnownFileType = sourcecode.swift; path = PVBreadcrumbs.swift; sourceTree = "<group>"; };
		AA000000000000000000031A /* SourcePageModel.swift */ = {isa = PBXFileReference; includeInIndex = 1; lastKnownFileType = sourcecode.swift; path = SourcePageModel.swift; sourceTree = "<group>"; };
		AA0000000000000000000340 /* SourcePageContext.swift */ = {isa = PBXFileReference; includeInIndex = 1; lastKnownFileType = sourcecode.swift; path = SourcePageContext.swift; sourceTree = "<group>"; };
		AA0000000000000000000342 /* SourceIdentitySection.swift */ = {isa = PBXFileReference; includeInIndex = 1; lastKnownFileType = sourcecode.swift; path = SourceIdentitySection.swift; sourceTree = "<group>"; };
		AA0000000000000000000344 /* SourceCredibilitySection.swift */ = {isa = PBXFileReference; includeInIndex = 1; lastKnownFileType = sourcecode.swift; path = SourceCredibilitySection.swift; sourceTree = "<group>"; };
		AA0000000000000000000346 /* SourceMetadataSection.swift */ = {isa = PBXFileReference; includeInIndex = 1; lastKnownFileType = sourcecode.swift; path = SourceMetadataSection.swift; sourceTree = "<group>"; };
		AA0000000000000000000348 /* SourceNotesSection.swift */ = {isa = PBXFileReference; includeInIndex = 1; lastKnownFileType = sourcecode.swift; path = SourceNotesSection.swift; sourceTree = "<group>"; };
		AA000000000000000000034A /* SourceArtifactsSection.swift */ = {isa = PBXFileReference; includeInIndex = 1; lastKnownFileType = sourcecode.swift; path = SourceArtifactsSection.swift; sourceTree = "<group>"; };
		AA0000000000000000000360 /* SourcePageChrome.swift */ = {isa = PBXFileReference; includeInIndex = 1; lastKnownFileType = sourcecode.swift; path = SourcePageChrome.swift; sourceTree = "<group>"; };
		AA0000000000000000000362 /* SourcePageIdentityHeader.swift */ = {isa = PBXFileReference; includeInIndex = 1; lastKnownFileType = sourcecode.swift; path = SourcePageIdentityHeader.swift; sourceTree = "<group>"; };
		AA0000000000000000000364 /* SourcePageDescriptionView.swift */ = {isa = PBXFileReference; includeInIndex = 1; lastKnownFileType = sourcecode.swift; path = SourcePageDescriptionView.swift; sourceTree = "<group>"; };
		AA0000000000000000000366 /* SourcePageCredibilityView.swift */ = {isa = PBXFileReference; includeInIndex = 1; lastKnownFileType = sourcecode.swift; path = SourcePageCredibilityView.swift; sourceTree = "<group>"; };
		AA0000000000000000000368 /* SourcePageMetadataView.swift */ = {isa = PBXFileReference; includeInIndex = 1; lastKnownFileType = sourcecode.swift; path = SourcePageMetadataView.swift; sourceTree = "<group>"; };
		AA000000000000000000036A /* SourcePageArtifactsView.swift */ = {isa = PBXFileReference; includeInIndex = 1; lastKnownFileType = sourcecode.swift; path = SourcePageArtifactsView.swift; sourceTree = "<group>"; };
		AA000000000000000000036C /* SourcePageNotesView.swift */ = {isa = PBXFileReference; includeInIndex = 1; lastKnownFileType = sourcecode.swift; path = SourcePageNotesView.swift; sourceTree = "<group>"; };
		AA0000000000000000000370 /* PVInlineEdit.swift */ = {isa = PBXFileReference; includeInIndex = 1; lastKnownFileType = sourcecode.swift; path = PVInlineEdit.swift; sourceTree = "<group>"; };
		AA0000000000000000000372 /* PVTextArea.swift */ = {isa = PBXFileReference; includeInIndex = 1; lastKnownFileType = sourcecode.swift; path = PVTextArea.swift; sourceTree = "<group>"; };
		AA0000000000000000000374 /* PVChip.swift */ = {isa = PBXFileReference; includeInIndex = 1; lastKnownFileType = sourcecode.swift; path = PVChip.swift; sourceTree = "<group>"; };
		AA0000000000000000000376 /* PVCard.swift */ = {isa = PBXFileReference; includeInIndex = 1; lastKnownFileType = sourcecode.swift; path = PVCard.swift; sourceTree = "<group>"; };
		AA0000000000000000000378 /* PVSectionHeader.swift */ = {isa = PBXFileReference; includeInIndex = 1; lastKnownFileType = sourcecode.swift; path = PVSectionHeader.swift; sourceTree = "<group>"; };
		AA0000000000000000000330 /* DateValueDraft.swift */ = {isa = PBXFileReference; includeInIndex = 1; lastKnownFileType = sourcecode.swift; path = DateValueDraft.swift; sourceTree = "<group>"; };
		AA0000000000000000000336 /* DateValueEditorForm.swift */ = {isa = PBXFileReference; includeInIndex = 1; lastKnownFileType = sourcecode.swift; path = DateValueEditorForm.swift; sourceTree = "<group>"; };
		AA000000000000000000031C /* ProjectFiles.swift */ = {isa = PBXFileReference; includeInIndex = 1; lastKnownFileType = sourcecode.swift; path = ProjectFiles.swift; sourceTree = "<group>"; };
		AA0000000000000000000390 /* ThumbnailCache.swift */ = {isa = PBXFileReference; includeInIndex = 1; lastKnownFileType = sourcecode.swift; path = ThumbnailCache.swift; sourceTree = "<group>"; };
		AA0000000000000000000392 /* CachedThumbnail.swift */ = {isa = PBXFileReference; includeInIndex = 1; lastKnownFileType = sourcecode.swift; path = CachedThumbnail.swift; sourceTree = "<group>"; };
		AA0000000000000000000394 /* ThumbnailCacheTests.swift */ = {isa = PBXFileReference; includeInIndex = 1; lastKnownFileType = sourcecode.swift; path = ThumbnailCacheTests.swift; sourceTree = "<group>"; };
		AA0000000000000000000350 /* TimestampFormat.swift */ = {isa = PBXFileReference; includeInIndex = 1; lastKnownFileType = sourcecode.swift; path = TimestampFormat.swift; sourceTree = "<group>"; };
		AA000000000000000000031E /* SourcePageModelTests.swift */ = {isa = PBXFileReference; includeInIndex = 1; lastKnownFileType = sourcecode.swift; path = SourcePageModelTests.swift; sourceTree = "<group>"; };
		AA0000000000000000000332 /* DateValueDraftTests.swift */ = {isa = PBXFileReference; includeInIndex = 1; lastKnownFileType = sourcecode.swift; path = DateValueDraftTests.swift; sourceTree = "<group>"; };
		AA0000000000000000000312 /* SourcesModelTests.swift */ = {isa = PBXFileReference; includeInIndex = 1; lastKnownFileType = sourcecode.swift; path = SourcesModelTests.swift; sourceTree = "<group>"; };
		AA0000000000000000000314 /* PVListTests.swift */ = {isa = PBXFileReference; includeInIndex = 1; lastKnownFileType = sourcecode.swift; path = PVListTests.swift; sourceTree = "<group>"; };
		11ADAF744C32587CD34CDD23 /* PVLogoMark.swift */ = {isa = PBXFileReference; includeInIndex = 1; lastKnownFileType = sourcecode.swift; path = PVLogoMark.swift; sourceTree = "<group>"; };
		164584B2DB70D89A55C4178F /* WorkspaceModelTests.swift */ = {isa = PBXFileReference; includeInIndex = 1; lastKnownFileType = sourcecode.swift; path = WorkspaceModelTests.swift; sourceTree = "<group>"; };
		16D4D3531F81FABFCDDE4F84 /* PVField.swift */ = {isa = PBXFileReference; includeInIndex = 1; lastKnownFileType = sourcecode.swift; path = PVField.swift; sourceTree = "<group>"; };
		1B183C69AA74C2C22006FC05 /* Fonts */ = {isa = PBXFileReference; includeInIndex = 1; lastKnownFileType = folder; name = Fonts; path = Fonts; sourceTree = "<group>"; };
		28FB7FB1DE947EE962F4BA83 /* PVSelect.swift */ = {isa = PBXFileReference; includeInIndex = 1; lastKnownFileType = sourcecode.swift; path = PVSelect.swift; sourceTree = "<group>"; };
		2B7FCE6BAF87CC79B6907492 /* PVRadius.swift */ = {isa = PBXFileReference; includeInIndex = 1; lastKnownFileType = sourcecode.swift; path = PVRadius.swift; sourceTree = "<group>"; };
		3555554CD714B1FD24C2DB2F /* PVEmptyState.swift */ = {isa = PBXFileReference; includeInIndex = 1; lastKnownFileType = sourcecode.swift; path = PVEmptyState.swift; sourceTree = "<group>"; };
		AA00000000000000000000C7 /* PVConfirm.swift */ = {isa = PBXFileReference; includeInIndex = 1; lastKnownFileType = sourcecode.swift; path = PVConfirm.swift; sourceTree = "<group>"; };
		AA00000000000000000000C2 /* PVTable.swift */ = {isa = PBXFileReference; includeInIndex = 1; lastKnownFileType = sourcecode.swift; path = PVTable.swift; sourceTree = "<group>"; };
		36412B0A6A6851ADB45A7AA8 /* PVIcon.swift */ = {isa = PBXFileReference; includeInIndex = 1; lastKnownFileType = sourcecode.swift; path = PVIcon.swift; sourceTree = "<group>"; };
		AA0000000000000000000200 /* OriginMarkers.swift */ = {isa = PBXFileReference; includeInIndex = 1; lastKnownFileType = sourcecode.swift; path = OriginMarkers.swift; sourceTree = "<group>"; };
		AA0000000000000000000230 /* PVComboBox.swift */ = {isa = PBXFileReference; includeInIndex = 1; lastKnownFileType = sourcecode.swift; path = PVComboBox.swift; sourceTree = "<group>"; };
		AA0000000000000000000232 /* PVComboBoxTests.swift */ = {isa = PBXFileReference; includeInIndex = 1; lastKnownFileType = sourcecode.swift; path = PVComboBoxTests.swift; sourceTree = "<group>"; };
		AA0000000000000000000201 /* MetadataFieldBadges.swift */ = {isa = PBXFileReference; includeInIndex = 1; lastKnownFileType = sourcecode.swift; path = MetadataFieldBadges.swift; sourceTree = "<group>"; };
		AA0000000000000000000380 /* CredibilityMarkers.swift */ = {isa = PBXFileReference; includeInIndex = 1; lastKnownFileType = sourcecode.swift; path = CredibilityMarkers.swift; sourceTree = "<group>"; };
		AA0000000000000000000382 /* SourceTypeMarkers.swift */ = {isa = PBXFileReference; includeInIndex = 1; lastKnownFileType = sourcecode.swift; path = SourceTypeMarkers.swift; sourceTree = "<group>"; };
		AA0000000000000000000250 /* VocabularyPane.swift */ = {isa = PBXFileReference; includeInIndex = 1; lastKnownFileType = sourcecode.swift; path = VocabularyPane.swift; sourceTree = "<group>"; };
		AA0000000000000000000251 /* VocabularyListPane.swift */ = {isa = PBXFileReference; includeInIndex = 1; lastKnownFileType = sourcecode.swift; path = VocabularyListPane.swift; sourceTree = "<group>"; };
		AA0000000000000000000252 /* VocabularyChrome.swift */ = {isa = PBXFileReference; includeInIndex = 1; lastKnownFileType = sourcecode.swift; path = VocabularyChrome.swift; sourceTree = "<group>"; };
		AA0000000000000000000253 /* CatalogCounts.swift */ = {isa = PBXFileReference; includeInIndex = 1; lastKnownFileType = sourcecode.swift; path = CatalogCounts.swift; sourceTree = "<group>"; };
		AA0000000000000000000270 /* CatalogCountsTests.swift */ = {isa = PBXFileReference; includeInIndex = 1; lastKnownFileType = sourcecode.swift; path = CatalogCountsTests.swift; sourceTree = "<group>"; };
		AA00000000000000000003A0 /* CatalogSessionStoreTests.swift */ = {isa = PBXFileReference; includeInIndex = 1; lastKnownFileType = sourcecode.swift; path = CatalogSessionStoreTests.swift; sourceTree = "<group>"; };
		AA0000000000000000000202 /* SourceTypesModel.swift */ = {isa = PBXFileReference; includeInIndex = 1; lastKnownFileType = sourcecode.swift; path = SourceTypesModel.swift; sourceTree = "<group>"; };
		AA0000000000000000000203 /* SourceTypesView.swift */ = {isa = PBXFileReference; includeInIndex = 1; lastKnownFileType = sourcecode.swift; path = SourceTypesView.swift; sourceTree = "<group>"; };
		AA0000000000000000000204 /* SourceTypesListPane.swift */ = {isa = PBXFileReference; includeInIndex = 1; lastKnownFileType = sourcecode.swift; path = SourceTypesListPane.swift; sourceTree = "<group>"; };
		AA0000000000000000000205 /* SourceTypesDetailPane.swift */ = {isa = PBXFileReference; includeInIndex = 1; lastKnownFileType = sourcecode.swift; path = SourceTypesDetailPane.swift; sourceTree = "<group>"; };
		AA0000000000000000000206 /* SourceTypesModelTests.swift */ = {isa = PBXFileReference; includeInIndex = 1; lastKnownFileType = sourcecode.swift; path = SourceTypesModelTests.swift; sourceTree = "<group>"; };
		3B7791238B5C7C6F0C5BE388 /* SourceFieldsModel.swift */ = {isa = PBXFileReference; includeInIndex = 1; lastKnownFileType = sourcecode.swift; path = SourceFieldsModel.swift; sourceTree = "<group>"; };
		4094CD05F31CFF0AA37C888A /* PVColor.swift */ = {isa = PBXFileReference; includeInIndex = 1; lastKnownFileType = sourcecode.swift; path = PVColor.swift; sourceTree = "<group>"; };
		40F72A548E04F25E0AA30CDB /* PVInput.swift */ = {isa = PBXFileReference; includeInIndex = 1; lastKnownFileType = sourcecode.swift; path = PVInput.swift; sourceTree = "<group>"; };
		48B417D5E38F11219198BF91 /* WorkspaceContent.swift */ = {isa = PBXFileReference; includeInIndex = 1; lastKnownFileType = sourcecode.swift; path = WorkspaceContent.swift; sourceTree = "<group>"; };
		4F0CB87F6EC5759DF8D0A7AF /* SourceFieldsModelTests.swift */ = {isa = PBXFileReference; includeInIndex = 1; lastKnownFileType = sourcecode.swift; path = SourceFieldsModelTests.swift; sourceTree = "<group>"; };
		68425DFE8D1974D7A4AC5BF8 /* PVIconButton.swift */ = {isa = PBXFileReference; includeInIndex = 1; lastKnownFileType = sourcecode.swift; path = PVIconButton.swift; sourceTree = "<group>"; };
		6AAC04817D6F4CCC9CDC9B17 /* README.md */ = {isa = PBXFileReference; includeInIndex = 1; path = README.md; sourceTree = "<group>"; };
		8291342170CC4CB42EFA814C /* FieldSlugTests.swift */ = {isa = PBXFileReference; includeInIndex = 1; lastKnownFileType = sourcecode.swift; path = FieldSlugTests.swift; sourceTree = "<group>"; };
		AA00000000000000000000C5 /* PVTableTests.swift */ = {isa = PBXFileReference; includeInIndex = 1; lastKnownFileType = sourcecode.swift; path = PVTableTests.swift; sourceTree = "<group>"; };
		85C0991FB99984CAEB385DA4 /* TrafficLights.swift */ = {isa = PBXFileReference; includeInIndex = 1; lastKnownFileType = sourcecode.swift; path = TrafficLights.swift; sourceTree = "<group>"; };
		8E4ED11C20279A6A4CE40A64 /* SourceFieldsListPane.swift */ = {isa = PBXFileReference; includeInIndex = 1; lastKnownFileType = sourcecode.swift; path = SourceFieldsListPane.swift; sourceTree = "<group>"; };
		8FC0B0A893C7248A08303738 /* PVToast.swift */ = {isa = PBXFileReference; includeInIndex = 1; lastKnownFileType = sourcecode.swift; path = PVToast.swift; sourceTree = "<group>"; };
		950877B33DC4E16E5BA8B5D6 /* SourceFieldsView.swift */ = {isa = PBXFileReference; includeInIndex = 1; lastKnownFileType = sourcecode.swift; path = SourceFieldsView.swift; sourceTree = "<group>"; };
		9A63753F8D90991976A28F13 /* PVElevation.swift */ = {isa = PBXFileReference; includeInIndex = 1; lastKnownFileType = sourcecode.swift; path = PVElevation.swift; sourceTree = "<group>"; };
		9BEB8D3B3D1A6C08B3733B13 /* PVSpacing.swift */ = {isa = PBXFileReference; includeInIndex = 1; lastKnownFileType = sourcecode.swift; path = PVSpacing.swift; sourceTree = "<group>"; };
		A0AE6B1748FA280F95478205 /* PVButton.swift */ = {isa = PBXFileReference; includeInIndex = 1; lastKnownFileType = sourcecode.swift; path = PVButton.swift; sourceTree = "<group>"; };
		A1B2C3D4E5F60718293A4B5C /* WindowDragRegion.swift */ = {isa = PBXFileReference; includeInIndex = 1; lastKnownFileType = sourcecode.swift; path = WindowDragRegion.swift; sourceTree = "<group>"; };
		7F69681C808F487B9BD6E7AA /* WindowSizing.swift */ = {isa = PBXFileReference; includeInIndex = 1; lastKnownFileType = sourcecode.swift; path = WindowSizing.swift; sourceTree = "<group>"; };
		A5B33345A1FE839C1516B4FC /* WorkspaceChrome.swift */ = {isa = PBXFileReference; includeInIndex = 1; lastKnownFileType = sourcecode.swift; path = WorkspaceChrome.swift; sourceTree = "<group>"; };
		AA0000000000000000000010 /* ProvenenciaApp.swift */ = {isa = PBXFileReference; lastKnownFileType = sourcecode.swift; path = ProvenenciaApp.swift; sourceTree = "<group>"; };
		AA0000000000000000000011 /* OnboardingView.swift */ = {isa = PBXFileReference; lastKnownFileType = sourcecode.swift; path = OnboardingView.swift; sourceTree = "<group>"; };
		AA0000000000000000000012 /* Assets.xcassets */ = {isa = PBXFileReference; lastKnownFileType = folder.assetcatalog; path = Assets.xcassets; sourceTree = "<group>"; };
		AA0000000000000000000013 /* engine.pb.swift */ = {isa = PBXFileReference; lastKnownFileType = sourcecode.swift; path = engine.pb.swift; sourceTree = "<group>"; };
		AA0000000000000000000014 /* GenealogyStore.swift */ = {isa = PBXFileReference; lastKnownFileType = sourcecode.swift; path = GenealogyStore.swift; sourceTree = "<group>"; };
		AA0000000000000000000015 /* FakeStore.swift */ = {isa = PBXFileReference; lastKnownFileType = sourcecode.swift; path = FakeStore.swift; sourceTree = "<group>"; };
		AA0000000000000000000016 /* GoStore.swift */ = {isa = PBXFileReference; lastKnownFileType = sourcecode.swift; path = GoStore.swift; sourceTree = "<group>"; };
		AA0000000000000000000017 /* CoreInvoke.swift */ = {isa = PBXFileReference; lastKnownFileType = sourcecode.swift; path = CoreInvoke.swift; sourceTree = "<group>"; };
		AA0000000000000000000018 /* libprovenencia.dylib */ = {isa = PBXFileReference; lastKnownFileType = "compiled.mach-o.dylib"; path = libprovenencia.dylib; sourceTree = "<group>"; };
		AA0000000000000000000019 /* Provenencia-Bridging-Header.h */ = {isa = PBXFileReference; lastKnownFileType = sourcecode.c.h; path = "Provenencia-Bridging-Header.h"; sourceTree = "<group>"; };
		AA000000000000000000001A /* Provenencia.entitlements */ = {isa = PBXFileReference; lastKnownFileType = text.plist.entitlements; path = Provenencia.entitlements; sourceTree = "<group>"; };
		AA000000000000000000001C /* OnboardingModel.swift */ = {isa = PBXFileReference; lastKnownFileType = sourcecode.swift; path = OnboardingModel.swift; sourceTree = "<group>"; };
		AA000000000000000000001D /* InstallPaths.swift */ = {isa = PBXFileReference; lastKnownFileType = sourcecode.swift; path = InstallPaths.swift; sourceTree = "<group>"; };
		AA0000000000000000000020 /* Provenencia.app */ = {isa = PBXFileReference; explicitFileType = wrapper.application; includeInIndex = 0; path = Provenencia.app; sourceTree = BUILT_PRODUCTS_DIR; };
		AA00000000000000000000B0 /* OnboardingModelTests.swift */ = {isa = PBXFileReference; lastKnownFileType = sourcecode.swift; path = OnboardingModelTests.swift; sourceTree = "<group>"; };
		AA00000000000000000000B1 /* InstallPathsTests.swift */ = {isa = PBXFileReference; lastKnownFileType = sourcecode.swift; path = InstallPathsTests.swift; sourceTree = "<group>"; };
		AA0000000000000000000352 /* TimestampFormatTests.swift */ = {isa = PBXFileReference; lastKnownFileType = sourcecode.swift; path = TimestampFormatTests.swift; sourceTree = "<group>"; };
		AA00000000000000000000B2 /* ProvenenciaTests.xctest */ = {isa = PBXFileReference; explicitFileType = wrapper.cfbundle; includeInIndex = 0; path = ProvenenciaTests.xctest; sourceTree = BUILT_PRODUCTS_DIR; };
		AA00000000000000000000D0 /* OnboardingChooseFileView.swift */ = {isa = PBXFileReference; lastKnownFileType = sourcecode.swift; path = OnboardingChooseFileView.swift; sourceTree = "<group>"; };
		AA00000000000000000000D1 /* OnboardingIdentifyView.swift */ = {isa = PBXFileReference; lastKnownFileType = sourcecode.swift; path = OnboardingIdentifyView.swift; sourceTree = "<group>"; };
		AA00000000000000000000D3 /* OnboardingFileChoice.swift */ = {isa = PBXFileReference; lastKnownFileType = sourcecode.swift; path = OnboardingFileChoice.swift; sourceTree = "<group>"; };
		AA00000000000000000000E0 /* Localizable.xcstrings */ = {isa = PBXFileReference; lastKnownFileType = text.json.xcstrings; path = Localizable.xcstrings; sourceTree = "<group>"; };
		AA00000000000000000000E1 /* InfoPlist.xcstrings */ = {isa = PBXFileReference; lastKnownFileType = text.json.xcstrings; path = InfoPlist.xcstrings; sourceTree = "<group>"; };
		AA00000000000000000000E2 /* L10n.swift */ = {isa = PBXFileReference; lastKnownFileType = sourcecode.swift; path = L10n.swift; sourceTree = "<group>"; };
		AA00000000000000000000F0 /* ProjectSlug.swift */ = {isa = PBXFileReference; lastKnownFileType = sourcecode.swift; path = ProjectSlug.swift; sourceTree = "<group>"; };
		AA00000000000000000000F2 /* ProjectSlugTests.swift */ = {isa = PBXFileReference; lastKnownFileType = sourcecode.swift; path = ProjectSlugTests.swift; sourceTree = "<group>"; };
		AA00000000000000000000F4 /* OnboardingPage.swift */ = {isa = PBXFileReference; lastKnownFileType = sourcecode.swift; path = OnboardingPage.swift; sourceTree = "<group>"; };
		AA0000000000000000000100 /* OnboardingOpenPicker.swift */ = {isa = PBXFileReference; lastKnownFileType = sourcecode.swift; path = OnboardingOpenPicker.swift; sourceTree = "<group>"; };
		AA0000000000000000000102 /* OnboardingProjectMetaLines.swift */ = {isa = PBXFileReference; lastKnownFileType = sourcecode.swift; path = OnboardingProjectMetaLines.swift; sourceTree = "<group>"; };
		AA0000000000000000000104 /* OnboardingFooter.swift */ = {isa = PBXFileReference; lastKnownFileType = sourcecode.swift; path = OnboardingFooter.swift; sourceTree = "<group>"; };
		AA0000000000000000000106 /* OnboardingContributorRow.swift */ = {isa = PBXFileReference; lastKnownFileType = sourcecode.swift; path = OnboardingContributorRow.swift; sourceTree = "<group>"; };
		B567080CA23230E18488F894 /* TrafficLightsTests.swift */ = {isa = PBXFileReference; includeInIndex = 1; lastKnownFileType = sourcecode.swift; path = TrafficLightsTests.swift; sourceTree = "<group>"; };
		C1FE31A30B665829ECF16A6F /* WorkspaceSidebar.swift */ = {isa = PBXFileReference; includeInIndex = 1; lastKnownFileType = sourcecode.swift; path = WorkspaceSidebar.swift; sourceTree = "<group>"; };
		C355704657FB6A572BF7FD6A /* PVMotion.swift */ = {isa = PBXFileReference; includeInIndex = 1; lastKnownFileType = sourcecode.swift; path = PVMotion.swift; sourceTree = "<group>"; };
		C9B9D94DAB5FD1587C260FE3 /* PVCallout.swift */ = {isa = PBXFileReference; includeInIndex = 1; lastKnownFileType = sourcecode.swift; path = PVCallout.swift; sourceTree = "<group>"; };
		CEC485E7480EE58A01EA9A85 /* PVHoverEffect.swift */ = {isa = PBXFileReference; includeInIndex = 1; lastKnownFileType = sourcecode.swift; path = PVHoverEffect.swift; sourceTree = "<group>"; };
		D8F65C4577481FF5F505271F /* WorkspaceView.swift */ = {isa = PBXFileReference; includeInIndex = 1; lastKnownFileType = sourcecode.swift; path = WorkspaceView.swift; sourceTree = "<group>"; };
		DAA7D6A46A5016665371A2C5 /* SourceFieldsDetailPane.swift */ = {isa = PBXFileReference; includeInIndex = 1; lastKnownFileType = sourcecode.swift; path = SourceFieldsDetailPane.swift; sourceTree = "<group>"; };
		E07E52EC527189A4A377F9AD /* FieldSlug.swift */ = {isa = PBXFileReference; includeInIndex = 1; lastKnownFileType = sourcecode.swift; path = FieldSlug.swift; sourceTree = "<group>"; };
		E2789221068BF64015C43CA5 /* PVTypography.swift */ = {isa = PBXFileReference; includeInIndex = 1; lastKnownFileType = sourcecode.swift; path = PVTypography.swift; sourceTree = "<group>"; };
		E98DA667F92287934B46B640 /* PVSidebarNav.swift */ = {isa = PBXFileReference; includeInIndex = 1; lastKnownFileType = sourcecode.swift; path = PVSidebarNav.swift; sourceTree = "<group>"; };
		F03B00F6F0D021AFCDAD2DEB /* WorkspaceModel.swift */ = {isa = PBXFileReference; includeInIndex = 1; lastKnownFileType = sourcecode.swift; path = WorkspaceModel.swift; sourceTree = "<group>"; };
		F10C63066463B02E05808F78 /* PreviewFixtures.swift */ = {isa = PBXFileReference; includeInIndex = 1; lastKnownFileType = sourcecode.swift; path = PreviewFixtures.swift; sourceTree = "<group>"; };
		F3E732F3D44BB89512758F85 /* PVBadge.swift */ = {isa = PBXFileReference; includeInIndex = 1; lastKnownFileType = sourcecode.swift; path = PVBadge.swift; sourceTree = "<group>"; };
		B2C3D4E5F60718293A4B5E01 /* PVDivider.swift */ = {isa = PBXFileReference; includeInIndex = 1; lastKnownFileType = sourcecode.swift; path = PVDivider.swift; sourceTree = "<group>"; };
		F56B617548A3EF65699270F8 /* SignOutCoordinator.swift */ = {isa = PBXFileReference; includeInIndex = 1; lastKnownFileType = sourcecode.swift; path = SignOutCoordinator.swift; sourceTree = "<group>"; };
/* End PBXFileReference section */

/* Begin PBXFrameworksBuildPhase section */
		AA0000000000000000000030 /* Frameworks */ = {
			isa = PBXFrameworksBuildPhase;
			buildActionMask = 2147483647;
			files = (
				AA000000000000000000000B /* SwiftProtobuf in Frameworks */,
				AA0000000000000000000009 /* libprovenencia.dylib in Frameworks */,
			);
			runOnlyForDeploymentPostprocessing = 0;
		};
		AA00000000000000000000B8 /* Frameworks */ = {
			isa = PBXFrameworksBuildPhase;
			buildActionMask = 2147483647;
			files = (
			);
			runOnlyForDeploymentPostprocessing = 0;
		};
/* End PBXFrameworksBuildPhase section */

/* Begin PBXGroup section */
		AA0000000000000000000220 /* Catalog */ = {
			isa = PBXGroup;
			children = (
				AA0000000000000000000200 /* OriginMarkers.swift */,
				AA0000000000000000000201 /* MetadataFieldBadges.swift */,
				AA0000000000000000000380 /* CredibilityMarkers.swift */,
				AA0000000000000000000382 /* SourceTypeMarkers.swift */,
				AA0000000000000000000253 /* CatalogCounts.swift */,
			);
			name = Catalog;
			path = Catalog;
			sourceTree = "<group>";
		};
		AA0000000000000000000280 /* CatalogVocabulary */ = {
			isa = PBXGroup;
			children = (
				AA0000000000000000000250 /* VocabularyPane.swift */,
				AA0000000000000000000251 /* VocabularyListPane.swift */,
				AA0000000000000000000252 /* VocabularyChrome.swift */,
			);
			name = CatalogVocabulary;
			path = CatalogVocabulary;
			sourceTree = "<group>";
		};
		AA0000000000000000000316 /* Sources */ = {
			isa = PBXGroup;
			children = (
				AA0000000000000000000306 /* SourcesModel.swift */,
				AA0000000000000000000308 /* SourcesView.swift */,
				AA000000000000000000031A /* SourcePageModel.swift */,
				AA0000000000000000000340 /* SourcePageContext.swift */,
				AA0000000000000000000342 /* SourceIdentitySection.swift */,
				AA0000000000000000000344 /* SourceCredibilitySection.swift */,
				AA0000000000000000000346 /* SourceMetadataSection.swift */,
				AA0000000000000000000348 /* SourceNotesSection.swift */,
				AA000000000000000000034A /* SourceArtifactsSection.swift */,
				AA0000000000000000000360 /* SourcePageChrome.swift */,
				AA0000000000000000000362 /* SourcePageIdentityHeader.swift */,
				AA0000000000000000000364 /* SourcePageDescriptionView.swift */,
				AA0000000000000000000366 /* SourcePageCredibilityView.swift */,
				AA0000000000000000000368 /* SourcePageMetadataView.swift */,
				AA000000000000000000036A /* SourcePageArtifactsView.swift */,
				AA000000000000000000036C /* SourcePageNotesView.swift */,
				AA0000000000000000000310 /* SourcePageView.swift */,
			);
			name = Sources;
			path = Sources;
			sourceTree = "<group>";
		};
		AA0000000000000000000221 /* SourceTypes */ = {
			isa = PBXGroup;
			children = (
				AA0000000000000000000202 /* SourceTypesModel.swift */,
				AA0000000000000000000203 /* SourceTypesView.swift */,
				AA0000000000000000000204 /* SourceTypesListPane.swift */,
				AA0000000000000000000205 /* SourceTypesDetailPane.swift */,
			);
			name = SourceTypes;
			path = SourceTypes;
			sourceTree = "<group>";
		};
		423C55925CCDB8118E02BF19 /* SourceFields */ = {
			isa = PBXGroup;
			children = (
				3B7791238B5C7C6F0C5BE388 /* SourceFieldsModel.swift */,
				950877B33DC4E16E5BA8B5D6 /* SourceFieldsView.swift */,
				8E4ED11C20279A6A4CE40A64 /* SourceFieldsListPane.swift */,
				DAA7D6A46A5016665371A2C5 /* SourceFieldsDetailPane.swift */,
			);
			name = SourceFields;
			path = SourceFields;
			sourceTree = "<group>";
		};
		4890BA38D028388F6C2157E5 /* Navigation */ = {
			isa = PBXGroup;
			children = (
				E98DA667F92287934B46B640 /* PVSidebarNav.swift */,
				AA0000000000000000000318 /* PVBreadcrumbs.swift */,
			);
			name = Navigation;
			path = Navigation;
			sourceTree = "<group>";
		};
		550D63589090B3E5D65DBED2 /* DesignSystem */ = {
			isa = PBXGroup;
			children = (
				6AAC04817D6F4CCC9CDC9B17 /* README.md */,
				60D6F777C59834E056413F38 /* Tokens */,
				C17391C6B09DD9AAD985A390 /* Components */,
			);
			name = DesignSystem;
			path = DesignSystem;
			sourceTree = "<group>";
		};
		60D6F777C59834E056413F38 /* Tokens */ = {
			isa = PBXGroup;
			children = (
				4094CD05F31CFF0AA37C888A /* PVColor.swift */,
				E2789221068BF64015C43CA5 /* PVTypography.swift */,
				9BEB8D3B3D1A6C08B3733B13 /* PVSpacing.swift */,
				2B7FCE6BAF87CC79B6907492 /* PVRadius.swift */,
				9A63753F8D90991976A28F13 /* PVElevation.swift */,
				C355704657FB6A572BF7FD6A /* PVMotion.swift */,
			);
			name = Tokens;
			path = Tokens;
			sourceTree = "<group>";
		};
		751809A4EF38DC6F6B1B17A4 /* Forms */ = {
			isa = PBXGroup;
			children = (
				16D4D3531F81FABFCDDE4F84 /* PVField.swift */,
				40F72A548E04F25E0AA30CDB /* PVInput.swift */,
				AA0000000000000000000370 /* PVInlineEdit.swift */,
				AA0000000000000000000372 /* PVTextArea.swift */,
				AA0000000000000000000374 /* PVChip.swift */,
				28FB7FB1DE947EE962F4BA83 /* PVSelect.swift */,
				AA0000000000000000000230 /* PVComboBox.swift */,
			);
			name = Forms;
			path = Forms;
			sourceTree = "<group>";
		};
		7CE27BCE83A155C8F77EF85E /* Feedback */ = {
			isa = PBXGroup;
			children = (
				8FC0B0A893C7248A08303738 /* PVToast.swift */,
				3555554CD714B1FD24C2DB2F /* PVEmptyState.swift */,
				AA00000000000000000000C7 /* PVConfirm.swift */,
				AA0000000000000000000304 /* PVDialog.swift */,
				C9B9D94DAB5FD1587C260FE3 /* PVCallout.swift */,
			);
			name = Feedback;
			path = Feedback;
			sourceTree = "<group>";
		};
		8D76A01BF603CC419C35EEBD /* Workspace */ = {
			isa = PBXGroup;
			children = (
				F03B00F6F0D021AFCDAD2DEB /* WorkspaceModel.swift */,
				C1FE31A30B665829ECF16A6F /* WorkspaceSidebar.swift */,
				48B417D5E38F11219198BF91 /* WorkspaceContent.swift */,
				D8F65C4577481FF5F505271F /* WorkspaceView.swift */,
				A5B33345A1FE839C1516B4FC /* WorkspaceChrome.swift */,
			);
			name = Workspace;
			path = Workspace;
			sourceTree = "<group>";
		};
		A6C6775E822CC039D1AF078F /* Core */ = {
			isa = PBXGroup;
			children = (
				A0AE6B1748FA280F95478205 /* PVButton.swift */,
				36412B0A6A6851ADB45A7AA8 /* PVIcon.swift */,
				11ADAF744C32587CD34CDD23 /* PVLogoMark.swift */,
				68425DFE8D1974D7A4AC5BF8 /* PVIconButton.swift */,
				CEC485E7480EE58A01EA9A85 /* PVHoverEffect.swift */,
				F3E732F3D44BB89512758F85 /* PVBadge.swift */,
				B2C3D4E5F60718293A4B5E01 /* PVDivider.swift */,
				AA0000000000000000000300 /* PVThumbnail.swift */,
				AA0000000000000000000376 /* PVCard.swift */,
				AA0000000000000000000378 /* PVSectionHeader.swift */,
			);
			name = Core;
			path = Core;
			sourceTree = "<group>";
		};
		AA0000000000000000000040 = {
			isa = PBXGroup;
			children = (
				AA0000000000000000000041 /* App */,
				AA00000000000000000000B5 /* ProvenenciaTests */,
				AA0000000000000000000043 /* Core */,
				AA0000000000000000000042 /* Products */,
			);
			sourceTree = "<group>";
		};
		AA0000000000000000000041 /* App */ = {
			isa = PBXGroup;
			children = (
				AA0000000000000000000045 /* App */,
				AA0000000000000000000046 /* Platform */,
				AA0000000000000000000047 /* Features */,
				AA0000000000000000000049 /* Resources */,
				550D63589090B3E5D65DBED2 /* DesignSystem */,
			);
			path = App;
			sourceTree = "<group>";
		};
		AA0000000000000000000042 /* Products */ = {
			isa = PBXGroup;
			children = (
				AA0000000000000000000020 /* Provenencia.app */,
				AA00000000000000000000B2 /* ProvenenciaTests.xctest */,
			);
			name = Products;
			sourceTree = "<group>";
		};
		AA0000000000000000000043 /* Core */ = {
			isa = PBXGroup;
			children = (
				AA0000000000000000000018 /* libprovenencia.dylib */,
			);
			path = Core;
			sourceTree = "<group>";
		};
		AA0000000000000000000044 /* Generated */ = {
			isa = PBXGroup;
			children = (
				AA0000000000000000000013 /* engine.pb.swift */,
			);
			path = Generated;
			sourceTree = "<group>";
		};
		AA0000000000000000000045 /* App */ = {
			isa = PBXGroup;
			children = (
				AA0000000000000000000010 /* ProvenenciaApp.swift */,
			);
			path = App;
			sourceTree = "<group>";
		};
		AA0000000000000000000046 /* Platform */ = {
			isa = PBXGroup;
			children = (
				AA0000000000000000000014 /* GenealogyStore.swift */,
				AA0000000000000000000015 /* FakeStore.swift */,
				AA0000000000000000000016 /* GoStore.swift */,
				AA0000000000000000000017 /* CoreInvoke.swift */,
				AA000000000000000000031C /* ProjectFiles.swift */,
				AA0000000000000000000390 /* ThumbnailCache.swift */,
				AA0000000000000000000392 /* CachedThumbnail.swift */,
				AA0000000000000000000350 /* TimestampFormat.swift */,
				AA000000000000000000001D /* InstallPaths.swift */,
				AA00000000000000000000F0 /* ProjectSlug.swift */,
				AA00000000000000000000E2 /* L10n.swift */,
				AA0000000000000000000044 /* Generated */,
				F56B617548A3EF65699270F8 /* SignOutCoordinator.swift */,
				85C0991FB99984CAEB385DA4 /* TrafficLights.swift */,
				A1B2C3D4E5F60718293A4B5C /* WindowDragRegion.swift */,
				7F69681C808F487B9BD6E7AA /* WindowSizing.swift */,
				F10C63066463B02E05808F78 /* PreviewFixtures.swift */,
				E07E52EC527189A4A377F9AD /* FieldSlug.swift */,
			);
			path = Platform;
			sourceTree = "<group>";
		};
		AA0000000000000000000047 /* Features */ = {
			isa = PBXGroup;
			children = (
				AA0000000000000000000048 /* Onboarding */,
				8D76A01BF603CC419C35EEBD /* Workspace */,
				AA0000000000000000000316 /* Sources */,
				AA0000000000000000000334 /* Dates */,
				423C55925CCDB8118E02BF19 /* SourceFields */,
				AA0000000000000000000221 /* SourceTypes */,
				AA0000000000000000000220 /* Catalog */,
				AA0000000000000000000280 /* CatalogVocabulary */,
			);
			path = Features;
			sourceTree = "<group>";
		};
		AA0000000000000000000334 /* Dates */ = {
			isa = PBXGroup;
			children = (
				AA0000000000000000000330 /* DateValueDraft.swift */,
				AA0000000000000000000336 /* DateValueEditorForm.swift */,
			);
			path = Dates;
			sourceTree = "<group>";
		};
		AA0000000000000000000048 /* Onboarding */ = {
			isa = PBXGroup;
			children = (
				AA0000000000000000000011 /* OnboardingView.swift */,
				AA00000000000000000000D0 /* OnboardingChooseFileView.swift */,
				AA00000000000000000000D1 /* OnboardingIdentifyView.swift */,
				AA00000000000000000000D3 /* OnboardingFileChoice.swift */,
				AA0000000000000000000100 /* OnboardingOpenPicker.swift */,
				AA0000000000000000000102 /* OnboardingProjectMetaLines.swift */,
				AA0000000000000000000104 /* OnboardingFooter.swift */,
				AA0000000000000000000106 /* OnboardingContributorRow.swift */,
				AA00000000000000000000F4 /* OnboardingPage.swift */,
				AA000000000000000000001C /* OnboardingModel.swift */,
			);
			path = Onboarding;
			sourceTree = "<group>";
		};
		AA0000000000000000000049 /* Resources */ = {
			isa = PBXGroup;
			children = (
				AA0000000000000000000012 /* Assets.xcassets */,
				AA00000000000000000000E0 /* Localizable.xcstrings */,
				AA00000000000000000000E1 /* InfoPlist.xcstrings */,
				AA0000000000000000000019 /* Provenencia-Bridging-Header.h */,
				AA000000000000000000001A /* Provenencia.entitlements */,
				1B183C69AA74C2C22006FC05 /* Fonts */,
			);
			path = Resources;
			sourceTree = "<group>";
		};
		AA00000000000000000000B5 /* ProvenenciaTests */ = {
			isa = PBXGroup;
			children = (
				AA00000000000000000000B0 /* OnboardingModelTests.swift */,
				AA00000000000000000000B1 /* InstallPathsTests.swift */,
				AA0000000000000000000352 /* TimestampFormatTests.swift */,
				AA00000000000000000000F2 /* ProjectSlugTests.swift */,
				164584B2DB70D89A55C4178F /* WorkspaceModelTests.swift */,
				AA0000000000000000000270 /* CatalogCountsTests.swift */,
				AA00000000000000000003A0 /* CatalogSessionStoreTests.swift */,
				B567080CA23230E18488F894 /* TrafficLightsTests.swift */,
				8291342170CC4CB42EFA814C /* FieldSlugTests.swift */,
				AA00000000000000000000C5 /* PVTableTests.swift */,
				AA0000000000000000000314 /* PVListTests.swift */,
				4F0CB87F6EC5759DF8D0A7AF /* SourceFieldsModelTests.swift */,
				AA0000000000000000000206 /* SourceTypesModelTests.swift */,
				AA0000000000000000000312 /* SourcesModelTests.swift */,
				AA000000000000000000031E /* SourcePageModelTests.swift */,
				AA0000000000000000000394 /* ThumbnailCacheTests.swift */,
				AA00000000000000000003B2 /* PVFileTypeGlyphTests.swift */,
				AA0000000000000000000332 /* DateValueDraftTests.swift */,
				AA0000000000000000000232 /* PVComboBoxTests.swift */,
			);
			path = ProvenenciaTests;
			sourceTree = "<group>";
		};
		AA00000000000000000000C3 /* Data */ = {
			isa = PBXGroup;
			children = (
				AA00000000000000000000C2 /* PVTable.swift */,
				AA0000000000000000000302 /* PVList.swift */,
				AA0000000000000000000320 /* PVReorderableList.swift */,
			);
			name = Data;
			path = Data;
			sourceTree = "<group>";
		};
		C17391C6B09DD9AAD985A390 /* Components */ = {
			isa = PBXGroup;
			children = (
				A6C6775E822CC039D1AF078F /* Core */,
				AA00000000000000000000C3 /* Data */,
				751809A4EF38DC6F6B1B17A4 /* Forms */,
				7CE27BCE83A155C8F77EF85E /* Feedback */,
				4890BA38D028388F6C2157E5 /* Navigation */,
				AA00000000000000000003B4 /* Research */,
			);
			name = Components;
			path = Components;
			sourceTree = "<group>";
		};
		AA00000000000000000003B4 /* Research */ = {
			isa = PBXGroup;
			children = (
				AA00000000000000000003B0 /* PVEvidenceIcon.swift */,
			);
			name = Research;
			path = Research;
			sourceTree = "<group>";
		};
/* End PBXGroup section */

/* Begin PBXNativeTarget section */
		AA0000000000000000000050 /* Provenencia */ = {
			isa = PBXNativeTarget;
			buildConfigurationList = AA0000000000000000000071 /* Build configuration list for PBXNativeTarget "Provenencia" */;
			buildPhases = (
				AA00000000000000000000C0 /* Build Go core */,
				AA0000000000000000000060 /* Sources */,
				AA0000000000000000000030 /* Frameworks */,
				AA0000000000000000000061 /* Resources */,
				AA0000000000000000000062 /* Embed Libraries */,
			);
			buildRules = (
			);
			dependencies = (
			);
			name = Provenencia;
			packageProductDependencies = (
				AA0000000000000000000091 /* SwiftProtobuf */,
			);
			productName = Provenencia;
			productReference = AA0000000000000000000020 /* Provenencia.app */;
			productType = "com.apple.product-type.application";
		};
		AA00000000000000000000B6 /* ProvenenciaTests */ = {
			isa = PBXNativeTarget;
			buildConfigurationList = AA00000000000000000000BC /* Build configuration list for PBXNativeTarget "ProvenenciaTests" */;
			buildPhases = (
				AA00000000000000000000B7 /* Sources */,
				AA00000000000000000000B8 /* Frameworks */,
				AA00000000000000000000B9 /* Resources */,
			);
			buildRules = (
			);
			dependencies = (
				AA00000000000000000000BE /* PBXTargetDependency */,
			);
			name = ProvenenciaTests;
			productName = ProvenenciaTests;
			productReference = AA00000000000000000000B2 /* ProvenenciaTests.xctest */;
			productType = "com.apple.product-type.bundle.unit-test";
		};
/* End PBXNativeTarget section */

/* Begin PBXProject section */
		AA0000000000000000000000 /* Project object */ = {
			isa = PBXProject;
			attributes = {
				BuildIndependentTargetsInParallel = 1;
				LastSwiftUpdateCheck = 1600;
				LastUpgradeCheck = 2660;
				TargetAttributes = {
					AA0000000000000000000050 = {
						CreatedOnToolsVersion = 16.0;
					};
					AA00000000000000000000B6 = {
						CreatedOnToolsVersion = 16.0;
					};
				};
			};
			buildConfigurationList = AA0000000000000000000070 /* Build configuration list for PBXProject "Provenencia" */;
			compatibilityVersion = "Xcode 15.0";
			developmentRegion = en;
			hasScannedForEncodings = 0;
			knownRegions = (
				en,
				Base,
			);
			mainGroup = AA0000000000000000000040;
			packageReferences = (
				AA0000000000000000000090 /* XCRemoteSwiftPackageReference "swift-protobuf" */,
			);
			productRefGroup = AA0000000000000000000042 /* Products */;
			projectDirPath = "";
			projectRoot = "";
			targets = (
				AA0000000000000000000050 /* Provenencia */,
				AA00000000000000000000B6 /* ProvenenciaTests */,
			);
		};
/* End PBXProject section */

/* Begin PBXResourcesBuildPhase section */
		AA0000000000000000000061 /* Resources */ = {
			isa = PBXResourcesBuildPhase;
			buildActionMask = 2147483647;
			files = (
				AA0000000000000000000003 /* Assets.xcassets in Resources */,
				AA00000000000000000000E3 /* Localizable.xcstrings in Resources */,
				AA00000000000000000000E4 /* InfoPlist.xcstrings in Resources */,
				DC8E6C8D157C17756D4C2AC8 /* Fonts in Resources */,
			);
			runOnlyForDeploymentPostprocessing = 0;
		};
		AA00000000000000000000B9 /* Resources */ = {
			isa = PBXResourcesBuildPhase;
			buildActionMask = 2147483647;
			files = (
			);
			runOnlyForDeploymentPostprocessing = 0;
		};
/* End PBXResourcesBuildPhase section */

/* Begin PBXShellScriptBuildPhase section */
		AA00000000000000000000C0 /* Build Go core */ = {
			isa = PBXShellScriptBuildPhase;
			buildActionMask = 2147483647;
			files = (
			);
			inputFileListPaths = (
				"$(SRCROOT)/Core/go-sources.xcfilelist",
			);
			inputPaths = (
			);
			name = "Build Go core";
			outputFileListPaths = (
			);
			outputPaths = (
				"$(SRCROOT)/Core/libprovenencia.dylib",
			);
			runOnlyForDeploymentPostprocessing = 0;
			shellPath = /bin/sh;
			shellScript = "export PATH=\"/opt/homebrew/bin:/usr/local/go/bin:$PATH\"\n\"$SRCROOT/../scripts/build-macos-core.sh\"\n";
		};
/* End PBXShellScriptBuildPhase section */

/* Begin PBXSourcesBuildPhase section */
		AA0000000000000000000060 /* Sources */ = {
			isa = PBXSourcesBuildPhase;
			buildActionMask = 2147483647;
			files = (
				AA0000000000000000000001 /* ProvenenciaApp.swift in Sources */,
				AA0000000000000000000002 /* OnboardingView.swift in Sources */,
				AA00000000000000000000D4 /* OnboardingChooseFileView.swift in Sources */,
				AA00000000000000000000D5 /* OnboardingIdentifyView.swift in Sources */,
				AA00000000000000000000D7 /* OnboardingFileChoice.swift in Sources */,
				AA0000000000000000000101 /* OnboardingOpenPicker.swift in Sources */,
				AA0000000000000000000103 /* OnboardingProjectMetaLines.swift in Sources */,
				AA0000000000000000000105 /* OnboardingFooter.swift in Sources */,
				AA0000000000000000000107 /* OnboardingContributorRow.swift in Sources */,
				AA00000000000000000000F5 /* OnboardingPage.swift in Sources */,
				AA000000000000000000000C /* OnboardingModel.swift in Sources */,
				AA000000000000000000000D /* InstallPaths.swift in Sources */,
				AA00000000000000000000F1 /* ProjectSlug.swift in Sources */,
				AA00000000000000000000E5 /* L10n.swift in Sources */,
				AA0000000000000000000005 /* GenealogyStore.swift in Sources */,
				AA0000000000000000000006 /* FakeStore.swift in Sources */,
				AA0000000000000000000007 /* GoStore.swift in Sources */,
				AA0000000000000000000008 /* CoreInvoke.swift in Sources */,
				AA0000000000000000000004 /* engine.pb.swift in Sources */,
				60591A4DC996FC9EB9F29023 /* PVColor.swift in Sources */,
				56FF85A0EB2688B0B226A023 /* PVTypography.swift in Sources */,
				537CBAF612C54F4F04ADA683 /* PVSpacing.swift in Sources */,
				1538A09B7711459456E31FCD /* PVRadius.swift in Sources */,
				210C39BBEED71061425C528F /* PVElevation.swift in Sources */,
				01574F7767F9B0AF5550AFAD /* PVMotion.swift in Sources */,
				CA918E2A0BCB420DA8CD87E5 /* PVButton.swift in Sources */,
				6D245285E4AB8AAFDE78E313 /* PVIcon.swift in Sources */,
				080D24179717B185C273478D /* PVField.swift in Sources */,
				ECC25906B62C6453A5CB9D25 /* PVInput.swift in Sources */,
				AA0000000000000000000371 /* PVInlineEdit.swift in Sources */,
				AA0000000000000000000373 /* PVTextArea.swift in Sources */,
				AA0000000000000000000375 /* PVChip.swift in Sources */,
				AA0000000000000000000377 /* PVCard.swift in Sources */,
				AA0000000000000000000379 /* PVSectionHeader.swift in Sources */,
				504C4A2D17A9AC30A47D4E37 /* PVSelect.swift in Sources */,
				854A784AE802C0EF7A484971 /* PVToast.swift in Sources */,
				07D60E0FE9704E4723AE18DD /* PVLogoMark.swift in Sources */,
				391CDC6A5D45C6C9E15EC251 /* SignOutCoordinator.swift in Sources */,
				E9178C44063AD95B47B5D524 /* PVSidebarNav.swift in Sources */,
				6F7945720B05D7777BFA79A2 /* WorkspaceModel.swift in Sources */,
				6227C44524E2C4EB3DE4AAD7 /* WorkspaceSidebar.swift in Sources */,
				DA26E3BA97D438A7561ED96D /* WorkspaceContent.swift in Sources */,
				14A19539FB0D86BB050EC437 /* WorkspaceView.swift in Sources */,
				13208FE0B57739DECCA156C7 /* WorkspaceChrome.swift in Sources */,
				840A56FF5DC13597C1DFDDF9 /* TrafficLights.swift in Sources */,
				B2C3D4E5F60718293A4B5C6D /* WindowDragRegion.swift in Sources */,
				327D9751467546DCB56EC478 /* WindowSizing.swift in Sources */,
				563FA9B6FA344585CE32B2A7 /* PVIconButton.swift in Sources */,
				E3D046BD80595D1F07691D1F /* PVHoverEffect.swift in Sources */,
				A790E2993DB9D42163403BA3 /* PreviewFixtures.swift in Sources */,
				9BCF5ECCD155C02B71931BB5 /* FieldSlug.swift in Sources */,
				BE57602FF7EBA86C1DEE63FF /* PVBadge.swift in Sources */,
				A1B2C3D4E5F60718293A4B5E /* PVDivider.swift in Sources */,
				89CEBFA09358C67639951CE0 /* PVEmptyState.swift in Sources */,
				AA00000000000000000000C6 /* PVConfirm.swift in Sources */,
				AA00000000000000000000C1 /* PVTable.swift in Sources */,
				A62122AE913D5F5B8B72D083 /* PVCallout.swift in Sources */,
				BD1582FF721A5711F38C97A0 /* SourceFieldsModel.swift in Sources */,
				AA0000000000000000000210 /* OriginMarkers.swift in Sources */,
				AA0000000000000000000240 /* PVComboBox.swift in Sources */,
				AA0000000000000000000211 /* MetadataFieldBadges.swift in Sources */,
				AA0000000000000000000381 /* CredibilityMarkers.swift in Sources */,
				AA0000000000000000000383 /* SourceTypeMarkers.swift in Sources */,
				AA0000000000000000000260 /* VocabularyPane.swift in Sources */,
				AA0000000000000000000261 /* VocabularyListPane.swift in Sources */,
				AA0000000000000000000262 /* VocabularyChrome.swift in Sources */,
				AA0000000000000000000263 /* CatalogCounts.swift in Sources */,
				AA0000000000000000000212 /* SourceTypesModel.swift in Sources */,
				AA0000000000000000000213 /* SourceTypesView.swift in Sources */,
				AA0000000000000000000214 /* SourceTypesListPane.swift in Sources */,
				AA0000000000000000000215 /* SourceTypesDetailPane.swift in Sources */,
				6422592F5C31D8F535B03C6A /* SourceFieldsView.swift in Sources */,
				D0D0E4841104F1836736A7CD /* SourceFieldsListPane.swift in Sources */,
				57420D5CDD1330745ACC33FD /* SourceFieldsDetailPane.swift in Sources */,
				AA0000000000000000000301 /* PVThumbnail.swift in Sources */,
				AA00000000000000000003B1 /* PVEvidenceIcon.swift in Sources */,
				AA0000000000000000000303 /* PVList.swift in Sources */,
				AA000000000000000000031F /* PVReorderableList.swift in Sources */,
				AA0000000000000000000305 /* PVDialog.swift in Sources */,
				AA0000000000000000000307 /* SourcesModel.swift in Sources */,
				AA0000000000000000000309 /* SourcesView.swift in Sources */,
				AA0000000000000000000311 /* SourcePageView.swift in Sources */,
				AA0000000000000000000317 /* PVBreadcrumbs.swift in Sources */,
				AA0000000000000000000319 /* SourcePageModel.swift in Sources */,
				AA0000000000000000000341 /* SourcePageContext.swift in Sources */,
				AA0000000000000000000343 /* SourceIdentitySection.swift in Sources */,
				AA0000000000000000000345 /* SourceCredibilitySection.swift in Sources */,
				AA0000000000000000000347 /* SourceMetadataSection.swift in Sources */,
				AA0000000000000000000349 /* SourceNotesSection.swift in Sources */,
				AA000000000000000000034B /* SourceArtifactsSection.swift in Sources */,
				AA0000000000000000000361 /* SourcePageChrome.swift in Sources */,
				AA0000000000000000000363 /* SourcePageIdentityHeader.swift in Sources */,
				AA0000000000000000000365 /* SourcePageDescriptionView.swift in Sources */,
				AA0000000000000000000367 /* SourcePageCredibilityView.swift in Sources */,
				AA0000000000000000000369 /* SourcePageMetadataView.swift in Sources */,
				AA000000000000000000036B /* SourcePageArtifactsView.swift in Sources */,
				AA000000000000000000036D /* SourcePageNotesView.swift in Sources */,
				AA0000000000000000000331 /* DateValueDraft.swift in Sources */,
				AA0000000000000000000335 /* DateValueEditorForm.swift in Sources */,
				AA000000000000000000031B /* ProjectFiles.swift in Sources */,
				AA0000000000000000000391 /* ThumbnailCache.swift in Sources */,
				AA0000000000000000000393 /* CachedThumbnail.swift in Sources */,
				AA0000000000000000000351 /* TimestampFormat.swift in Sources */,
			);
			runOnlyForDeploymentPostprocessing = 0;
		};
		AA00000000000000000000B7 /* Sources */ = {
			isa = PBXSourcesBuildPhase;
			buildActionMask = 2147483647;
			files = (
				AA00000000000000000000B3 /* OnboardingModelTests.swift in Sources */,
				AA00000000000000000000B4 /* InstallPathsTests.swift in Sources */,
				AA0000000000000000000353 /* TimestampFormatTests.swift in Sources */,
				AA00000000000000000000F3 /* ProjectSlugTests.swift in Sources */,
				826574F8CA8D24BE551A88BF /* WorkspaceModelTests.swift in Sources */,
				AA0000000000000000000271 /* CatalogCountsTests.swift in Sources */,
				AA00000000000000000003A1 /* CatalogSessionStoreTests.swift in Sources */,
				8B20E11A26E9E10EF915519C /* TrafficLightsTests.swift in Sources */,
				E63D8CEC3F6AC5C7E90EBBFE /* FieldSlugTests.swift in Sources */,
				AA00000000000000000000C4 /* PVTableTests.swift in Sources */,
				CE7E43F00CA602E2794E0ADA /* SourceFieldsModelTests.swift in Sources */,
				AA0000000000000000000216 /* SourceTypesModelTests.swift in Sources */,
				AA0000000000000000000242 /* PVComboBoxTests.swift in Sources */,
				AA0000000000000000000315 /* PVListTests.swift in Sources */,
				AA0000000000000000000313 /* SourcesModelTests.swift in Sources */,
				AA000000000000000000031D /* SourcePageModelTests.swift in Sources */,
				AA0000000000000000000395 /* ThumbnailCacheTests.swift in Sources */,
				AA00000000000000000003B3 /* PVFileTypeGlyphTests.swift in Sources */,
				AA0000000000000000000333 /* DateValueDraftTests.swift in Sources */,
			);
			runOnlyForDeploymentPostprocessing = 0;
		};
/* End PBXSourcesBuildPhase section */

/* Begin PBXTargetDependency section */
		AA00000000000000000000BE /* PBXTargetDependency */ = {
			isa = PBXTargetDependency;
			target = AA0000000000000000000050 /* Provenencia */;
			targetProxy = AA00000000000000000000BD /* PBXContainerItemProxy */;
		};
/* End PBXTargetDependency section */

/* Begin XCBuildConfiguration section */
		AA0000000000000000000080 /* Debug */ = {
			isa = XCBuildConfiguration;
			buildSettings = {
				ALWAYS_SEARCH_USER_PATHS = NO;
				ASSETCATALOG_COMPILER_GENERATE_SWIFT_ASSET_SYMBOL_EXTENSIONS = YES;
				CLANG_ENABLE_MODULES = YES;
				CLANG_WARN_BLOCK_CAPTURE_AUTORELEASING = YES;
				CLANG_WARN_BOOL_CONVERSION = YES;
				CLANG_WARN_COMMA = YES;
				CLANG_WARN_CONSTANT_CONVERSION = YES;
				CLANG_WARN_DEPRECATED_OBJC_IMPLEMENTATIONS = YES;
				CLANG_WARN_EMPTY_BODY = YES;
				CLANG_WARN_ENUM_CONVERSION = YES;
				CLANG_WARN_INFINITE_RECURSION = YES;
				CLANG_WARN_INT_CONVERSION = YES;
				CLANG_WARN_NON_LITERAL_NULL_CONVERSION = YES;
				CLANG_WARN_OBJC_IMPLICIT_RETAIN_SELF = YES;
				CLANG_WARN_OBJC_LITERAL_CONVERSION = YES;
				CLANG_WARN_QUOTED_INCLUDE_IN_FRAMEWORK_HEADER = YES;
				CLANG_WARN_RANGE_LOOP_ANALYSIS = YES;
				CLANG_WARN_STRICT_PROTOTYPES = YES;
				CLANG_WARN_SUSPICIOUS_MOVE = YES;
				CLANG_WARN_UNREACHABLE_CODE = YES;
				CLANG_WARN__DUPLICATE_METHOD_MATCH = YES;
				COPY_PHASE_STRIP = NO;
				DEAD_CODE_STRIPPING = YES;
				DEBUG_INFORMATION_FORMAT = dwarf;
				ENABLE_STRICT_OBJC_MSGSEND = YES;
				ENABLE_TESTABILITY = YES;
				ENABLE_USER_SCRIPT_SANDBOXING = YES;
				GCC_DYNAMIC_NO_PIC = NO;
				GCC_NO_COMMON_BLOCKS = YES;
				GCC_OPTIMIZATION_LEVEL = 0;
				GCC_WARN_64_TO_32_BIT_CONVERSION = YES;
				GCC_WARN_ABOUT_RETURN_TYPE = YES;
				GCC_WARN_UNDECLARED_SELECTOR = YES;
				GCC_WARN_UNINITIALIZED_AUTOS = YES;
				GCC_WARN_UNUSED_FUNCTION = YES;
				GCC_WARN_UNUSED_VARIABLE = YES;
				MACOSX_DEPLOYMENT_TARGET = 14.0;
				ONLY_ACTIVE_ARCH = YES;
				SDKROOT = macosx;
				STRING_CATALOG_GENERATE_SYMBOLS = YES;
				SWIFT_ACTIVE_COMPILATION_CONDITIONS = "DEBUG $(inherited)";
				SWIFT_OPTIMIZATION_LEVEL = "-Onone";
				SWIFT_VERSION = 5.0;
			};
			name = Debug;
		};
		AA0000000000000000000081 /* Release */ = {
			isa = XCBuildConfiguration;
			buildSettings = {
				ALWAYS_SEARCH_USER_PATHS = NO;
				ASSETCATALOG_COMPILER_GENERATE_SWIFT_ASSET_SYMBOL_EXTENSIONS = YES;
				CLANG_ENABLE_MODULES = YES;
				CLANG_WARN_BLOCK_CAPTURE_AUTORELEASING = YES;
				CLANG_WARN_BOOL_CONVERSION = YES;
				CLANG_WARN_COMMA = YES;
				CLANG_WARN_CONSTANT_CONVERSION = YES;
				CLANG_WARN_DEPRECATED_OBJC_IMPLEMENTATIONS = YES;
				CLANG_WARN_EMPTY_BODY = YES;
				CLANG_WARN_ENUM_CONVERSION = YES;
				CLANG_WARN_INFINITE_RECURSION = YES;
				CLANG_WARN_INT_CONVERSION = YES;
				CLANG_WARN_NON_LITERAL_NULL_CONVERSION = YES;
				CLANG_WARN_OBJC_IMPLICIT_RETAIN_SELF = YES;
				CLANG_WARN_OBJC_LITERAL_CONVERSION = YES;
				CLANG_WARN_QUOTED_INCLUDE_IN_FRAMEWORK_HEADER = YES;
				CLANG_WARN_RANGE_LOOP_ANALYSIS = YES;
				CLANG_WARN_STRICT_PROTOTYPES = YES;
				CLANG_WARN_SUSPICIOUS_MOVE = YES;
				CLANG_WARN_UNREACHABLE_CODE = YES;
				CLANG_WARN__DUPLICATE_METHOD_MATCH = YES;
				COPY_PHASE_STRIP = NO;
				DEAD_CODE_STRIPPING = YES;
				DEBUG_INFORMATION_FORMAT = "dwarf-with-dsym";
				ENABLE_STRICT_OBJC_MSGSEND = YES;
				ENABLE_USER_SCRIPT_SANDBOXING = YES;
				GCC_NO_COMMON_BLOCKS = YES;
				GCC_WARN_64_TO_32_BIT_CONVERSION = YES;
				GCC_WARN_ABOUT_RETURN_TYPE = YES;
				GCC_WARN_UNDECLARED_SELECTOR = YES;
				GCC_WARN_UNINITIALIZED_AUTOS = YES;
				GCC_WARN_UNUSED_FUNCTION = YES;
				GCC_WARN_UNUSED_VARIABLE = YES;
				MACOSX_DEPLOYMENT_TARGET = 14.0;
				SDKROOT = macosx;
				STRING_CATALOG_GENERATE_SYMBOLS = YES;
				SWIFT_COMPILATION_MODE = wholemodule;
				SWIFT_VERSION = 5.0;
			};
			name = Release;
		};
		AA0000000000000000000082 /* Debug */ = {
			isa = XCBuildConfiguration;
			buildSettings = {
				ASSETCATALOG_COMPILER_APPICON_NAME = AppIcon;
				ASSETCATALOG_COMPILER_GLOBAL_ACCENT_COLOR_NAME = AccentColor;
				CLANG_ENABLE_OBJC_WEAK = YES;
				CODE_SIGN_ENTITLEMENTS = App/Resources/Provenencia.entitlements;
				CODE_SIGN_IDENTITY = "-";
				CODE_SIGN_STYLE = Automatic;
				COMBINE_HIDPI_IMAGES = YES;
				CURRENT_PROJECT_VERSION = 1;
				DEAD_CODE_STRIPPING = YES;
				ENABLE_HARDENED_RUNTIME = YES;
				ENABLE_USER_SCRIPT_SANDBOXING = NO;
				GENERATE_INFOPLIST_FILE = YES;
				HEADER_SEARCH_PATHS = (
					"$(inherited)",
					"$(PROJECT_DIR)/Core",
				);
				INFOPLIST_KEY_CFBundleDisplayName = Provenencia;
				INFOPLIST_KEY_LSApplicationCategoryType = "public.app-category.reference";
				INFOPLIST_KEY_NSDocumentsFolderUsageDescription = "Provenencia looks in Documents for existing .provenencia project folders and can save new ones there.";
				INFOPLIST_KEY_NSHumanReadableCopyright = "";
				LD_RUNPATH_SEARCH_PATHS = (
					"$(inherited)",
					"@executable_path/../Frameworks",
				);
				LIBRARY_SEARCH_PATHS = (
					"$(inherited)",
					"$(PROJECT_DIR)/Core",
				);
				MACOSX_DEPLOYMENT_TARGET = 14.0;
				MARKETING_VERSION = 0.1.1;
				PRODUCT_BUNDLE_IDENTIFIER = app.provenencia;
				PRODUCT_NAME = "$(TARGET_NAME)";
				SWIFT_EMIT_LOC_STRINGS = YES;
				SWIFT_OBJC_BRIDGING_HEADER = "App/Resources/Provenencia-Bridging-Header.h";
				SWIFT_STRICT_CONCURRENCY = complete;
				SWIFT_VERSION = 5.0;
			};
			name = Debug;
		};
		AA0000000000000000000083 /* Release */ = {
			isa = XCBuildConfiguration;
			buildSettings = {
				ASSETCATALOG_COMPILER_APPICON_NAME = AppIcon;
				ASSETCATALOG_COMPILER_GLOBAL_ACCENT_COLOR_NAME = AccentColor;
				CLANG_ENABLE_OBJC_WEAK = YES;
				CODE_SIGN_ENTITLEMENTS = App/Resources/Provenencia.entitlements;
				CODE_SIGN_IDENTITY = "-";
				CODE_SIGN_STYLE = Automatic;
				COMBINE_HIDPI_IMAGES = YES;
				CURRENT_PROJECT_VERSION = 1;
				DEAD_CODE_STRIPPING = YES;
				ENABLE_HARDENED_RUNTIME = YES;
				ENABLE_USER_SCRIPT_SANDBOXING = NO;
				GENERATE_INFOPLIST_FILE = YES;
				HEADER_SEARCH_PATHS = (
					"$(inherited)",
					"$(PROJECT_DIR)/Core",
				);
				INFOPLIST_KEY_CFBundleDisplayName = Provenencia;
				INFOPLIST_KEY_LSApplicationCategoryType = "public.app-category.reference";
				INFOPLIST_KEY_NSDocumentsFolderUsageDescription = "Provenencia looks in Documents for existing .provenencia project folders and can save new ones there.";
				INFOPLIST_KEY_NSHumanReadableCopyright = "";
				LD_RUNPATH_SEARCH_PATHS = (
					"$(inherited)",
					"@executable_path/../Frameworks",
				);
				LIBRARY_SEARCH_PATHS = (
					"$(inherited)",
					"$(PROJECT_DIR)/Core",
				);
				MACOSX_DEPLOYMENT_TARGET = 14.0;
				MARKETING_VERSION = 0.1.1;
				PRODUCT_BUNDLE_IDENTIFIER = app.provenencia;
				PRODUCT_NAME = "$(TARGET_NAME)";
				SWIFT_EMIT_LOC_STRINGS = YES;
				SWIFT_OBJC_BRIDGING_HEADER = "App/Resources/Provenencia-Bridging-Header.h";
				SWIFT_STRICT_CONCURRENCY = complete;
				SWIFT_VERSION = 5.0;
			};
			name = Release;
		};
		AA00000000000000000000BA /* Debug */ = {
			isa = XCBuildConfiguration;
			buildSettings = {
				BUNDLE_LOADER = "$(TEST_HOST)";
				CODE_SIGN_IDENTITY = "-";
				CODE_SIGN_STYLE = Automatic;
				COMBINE_HIDPI_IMAGES = YES;
				CURRENT_PROJECT_VERSION = 1;
				DEAD_CODE_STRIPPING = YES;
				GENERATE_INFOPLIST_FILE = YES;
				MACOSX_DEPLOYMENT_TARGET = 14.0;
				MARKETING_VERSION = 0.1.1;
				PRODUCT_BUNDLE_IDENTIFIER = app.provenencia.tests;
				PRODUCT_NAME = "$(TARGET_NAME)";
				SWIFT_EMIT_LOC_STRINGS = NO;
				SWIFT_STRICT_CONCURRENCY = complete;
				SWIFT_VERSION = 5.0;
				TEST_HOST = "$(BUILT_PRODUCTS_DIR)/Provenencia.app/Contents/MacOS/Provenencia";
			};
			name = Debug;
		};
		AA00000000000000000000BB /* Release */ = {
			isa = XCBuildConfiguration;
			buildSettings = {
				BUNDLE_LOADER = "$(TEST_HOST)";
				CODE_SIGN_IDENTITY = "-";
				CODE_SIGN_STYLE = Automatic;
				COMBINE_HIDPI_IMAGES = YES;
				CURRENT_PROJECT_VERSION = 1;
				DEAD_CODE_STRIPPING = YES;
				GENERATE_INFOPLIST_FILE = YES;
				MACOSX_DEPLOYMENT_TARGET = 14.0;
				MARKETING_VERSION = 0.1.1;
				PRODUCT_BUNDLE_IDENTIFIER = app.provenencia.tests;
				PRODUCT_NAME = "$(TARGET_NAME)";
				SWIFT_EMIT_LOC_STRINGS = NO;
				SWIFT_STRICT_CONCURRENCY = complete;
				SWIFT_VERSION = 5.0;
				TEST_HOST = "$(BUILT_PRODUCTS_DIR)/Provenencia.app/Contents/MacOS/Provenencia";
			};
			name = Release;
		};
/* End XCBuildConfiguration section */

/* Begin XCConfigurationList section */
		AA0000000000000000000070 /* Build configuration list for PBXProject "Provenencia" */ = {
			isa = XCConfigurationList;
			buildConfigurations = (
				AA0000000000000000000080 /* Debug */,
				AA0000000000000000000081 /* Release */,
			);
			defaultConfigurationIsVisible = 0;
			defaultConfigurationName = Release;
		};
		AA0000000000000000000071 /* Build configuration list for PBXNativeTarget "Provenencia" */ = {
			isa = XCConfigurationList;
			buildConfigurations = (
				AA0000000000000000000082 /* Debug */,
				AA0000000000000000000083 /* Release */,
			);
			defaultConfigurationIsVisible = 0;
			defaultConfigurationName = Release;
		};
		AA00000000000000000000BC /* Build configuration list for PBXNativeTarget "ProvenenciaTests" */ = {
			isa = XCConfigurationList;
			buildConfigurations = (
				AA00000000000000000000BA /* Debug */,
				AA00000000000000000000BB /* Release */,
			);
			defaultConfigurationIsVisible = 0;
			defaultConfigurationName = Release;
		};
/* End XCConfigurationList section */

/* Begin XCRemoteSwiftPackageReference section */
		AA0000000000000000000090 /* XCRemoteSwiftPackageReference "swift-protobuf" */ = {
			isa = XCRemoteSwiftPackageReference;
			repositoryURL = "https://github.com/apple/swift-protobuf.git";
			requirement = {
				kind = upToNextMajorVersion;
				minimumVersion = 1.28.2;
			};
		};
/* End XCRemoteSwiftPackageReference section */

/* Begin XCSwiftPackageProductDependency section */
		AA0000000000000000000091 /* SwiftProtobuf */ = {
			isa = XCSwiftPackageProductDependency;
			package = AA0000000000000000000090 /* XCRemoteSwiftPackageReference "swift-protobuf" */;
			productName = SwiftProtobuf;
		};
/* End XCSwiftPackageProductDependency section */
	};
	rootObject = AA0000000000000000000000 /* Project object */;
}
