// !$*UTF8*$!
{
	archiveVersion = 1;
	classes = {
	};
	objectVersion = 60;
	objects = {

/* Begin PBXBuildFile section */
		01574F7767F9B0AF5550AFAD /* PVMotion.swift in Sources */ = {isa = PBXBuildFile; fileRef = C355704657FB6A572BF7FD6A /* PVMotion.swift */; };
		080D24179717B185C273478D /* PVField.swift in Sources */ = {isa = PBXBuildFile; fileRef = 16D4D3531F81FABFCDDE4F84 /* PVField.swift */; };
		1538A09B7711459456E31FCD /* PVRadius.swift in Sources */ = {isa = PBXBuildFile; fileRef = 2B7FCE6BAF87CC79B6907492 /* PVRadius.swift */; };
		210C39BBEED71061425C528F /* PVElevation.swift in Sources */ = {isa = PBXBuildFile; fileRef = 9A63753F8D90991976A28F13 /* PVElevation.swift */; };
		504C4A2D17A9AC30A47D4E37 /* PVSelect.swift in Sources */ = {isa = PBXBuildFile; fileRef = 28FB7FB1DE947EE962F4BA83 /* PVSelect.swift */; };
		537CBAF612C54F4F04ADA683 /* PVSpacing.swift in Sources */ = {isa = PBXBuildFile; fileRef = 9BEB8D3B3D1A6C08B3733B13 /* PVSpacing.swift */; };
		56FF85A0EB2688B0B226A023 /* PVTypography.swift in Sources */ = {isa = PBXBuildFile; fileRef = E2789221068BF64015C43CA5 /* PVTypography.swift */; };
		60591A4DC996FC9EB9F29023 /* PVColor.swift in Sources */ = {isa = PBXBuildFile; fileRef = 4094CD05F31CFF0AA37C888A /* PVColor.swift */; };
		6D245285E4AB8AAFDE78E313 /* PVIcon.swift in Sources */ = {isa = PBXBuildFile; fileRef = 36412B0A6A6851ADB45A7AA8 /* PVIcon.swift */; };
		854A784AE802C0EF7A484971 /* PVToast.swift in Sources */ = {isa = PBXBuildFile; fileRef = 8FC0B0A893C7248A08303738 /* PVToast.swift */; };
		AA0000000000000000000001 /* ProvenenciaApp.swift in Sources */ = {isa = PBXBuildFile; fileRef = AA0000000000000000000010 /* ProvenenciaApp.swift */; };
		AA0000000000000000000002 /* OnboardingView.swift in Sources */ = {isa = PBXBuildFile; fileRef = AA0000000000000000000011 /* OnboardingView.swift */; };
		AA0000000000000000000003 /* Assets.xcassets in Resources */ = {isa = PBXBuildFile; fileRef = AA0000000000000000000012 /* Assets.xcassets */; };
		AA0000000000000000000004 /* engine.pb.swift in Sources */ = {isa = PBXBuildFile; fileRef = AA0000000000000000000013 /* engine.pb.swift */; };
		AA0000000000000000000005 /* GenealogyStore.swift in Sources */ = {isa = PBXBuildFile; fileRef = AA0000000000000000000014 /* GenealogyStore.swift */; };
		AA0000000000000000000006 /* FakeStore.swift in Sources */ = {isa = PBXBuildFile; fileRef = AA0000000000000000000015 /* FakeStore.swift */; };
		AA0000000000000000000007 /* GoStore.swift in Sources */ = {isa = PBXBuildFile; fileRef = AA0000000000000000000016 /* GoStore.swift */; };
		AA0000000000000000000008 /* CoreInvoke.swift in Sources */ = {isa = PBXBuildFile; fileRef = AA0000000000000000000017 /* CoreInvoke.swift */; };
		AA0000000000000000000009 /* libprovenencia.dylib in Frameworks */ = {isa = PBXBuildFile; fileRef = AA0000000000000000000018 /* libprovenencia.dylib */; };
		AA000000000000000000000A /* libprovenencia.dylib in Embed Libraries */ = {isa = PBXBuildFile; fileRef = AA0000000000000000000018 /* libprovenencia.dylib */; settings = {ATTRIBUTES = (CodeSignOnCopy, ); }; };
		AA000000000000000000000B /* SwiftProtobuf in Frameworks */ = {isa = PBXBuildFile; productRef = AA0000000000000000000091 /* SwiftProtobuf */; };
		AA000000000000000000000C /* OnboardingModel.swift in Sources */ = {isa = PBXBuildFile; fileRef = AA000000000000000000001C /* OnboardingModel.swift */; };
		AA000000000000000000000D /* InstallPaths.swift in Sources */ = {isa = PBXBuildFile; fileRef = AA000000000000000000001D /* InstallPaths.swift */; };
		AA00000000000000000000B3 /* OnboardingModelTests.swift in Sources */ = {isa = PBXBuildFile; fileRef = AA00000000000000000000B0 /* OnboardingModelTests.swift */; };
		AA00000000000000000000B4 /* InstallPathsTests.swift in Sources */ = {isa = PBXBuildFile; fileRef = AA00000000000000000000B1 /* InstallPathsTests.swift */; };
		AA00000000000000000000D4 /* OnboardingChooseFileView.swift in Sources */ = {isa = PBXBuildFile; fileRef = AA00000000000000000000D0 /* OnboardingChooseFileView.swift */; };
		AA00000000000000000000D5 /* OnboardingIdentifyView.swift in Sources */ = {isa = PBXBuildFile; fileRef = AA00000000000000000000D1 /* OnboardingIdentifyView.swift */; };
		AA00000000000000000000D6 /* OnboardingHomeView.swift in Sources */ = {isa = PBXBuildFile; fileRef = AA00000000000000000000D2 /* OnboardingHomeView.swift */; };
		AA00000000000000000000D7 /* OnboardingChrome.swift in Sources */ = {isa = PBXBuildFile; fileRef = AA00000000000000000000D3 /* OnboardingChrome.swift */; };
		AA00000000000000000000E3 /* Localizable.xcstrings in Resources */ = {isa = PBXBuildFile; fileRef = AA00000000000000000000E0 /* Localizable.xcstrings */; };
		AA00000000000000000000E4 /* InfoPlist.xcstrings in Resources */ = {isa = PBXBuildFile; fileRef = AA00000000000000000000E1 /* InfoPlist.xcstrings */; };
		AA00000000000000000000E5 /* L10n.swift in Sources */ = {isa = PBXBuildFile; fileRef = AA00000000000000000000E2 /* L10n.swift */; };
		AA00000000000000000000F1 /* ProjectSlug.swift in Sources */ = {isa = PBXBuildFile; fileRef = AA00000000000000000000F0 /* ProjectSlug.swift */; };
		AA00000000000000000000F3 /* ProjectSlugTests.swift in Sources */ = {isa = PBXBuildFile; fileRef = AA00000000000000000000F2 /* ProjectSlugTests.swift */; };
		CA918E2A0BCB420DA8CD87E5 /* PVButton.swift in Sources */ = {isa = PBXBuildFile; fileRef = A0AE6B1748FA280F95478205 /* PVButton.swift */; };
		DC8E6C8D157C17756D4C2AC8 /* Fonts in Resources */ = {isa = PBXBuildFile; fileRef = 1B183C69AA74C2C22006FC05 /* Fonts */; };
		ECC25906B62C6453A5CB9D25 /* PVInput.swift in Sources */ = {isa = PBXBuildFile; fileRef = 40F72A548E04F25E0AA30CDB /* PVInput.swift */; };
/* End PBXBuildFile section */

/* Begin PBXContainerItemProxy section */
		AA00000000000000000000BD /* PBXContainerItemProxy */ = {
			isa = PBXContainerItemProxy;
			containerPortal = AA0000000000000000000000 /* Project object */;
			proxyType = 1;
			remoteGlobalIDString = AA0000000000000000000050;
			remoteInfo = Provenencia;
		};
/* End PBXContainerItemProxy section */

/* Begin PBXCopyFilesBuildPhase section */
		AA0000000000000000000062 /* Embed Libraries */ = {
			isa = PBXCopyFilesBuildPhase;
			buildActionMask = 2147483647;
			dstPath = "";
			dstSubfolderSpec = 10;
			files = (
				AA000000000000000000000A /* libprovenencia.dylib in Embed Libraries */,
			);
			name = "Embed Libraries";
			runOnlyForDeploymentPostprocessing = 0;
		};
/* End PBXCopyFilesBuildPhase section */

/* Begin PBXFileReference section */
		16D4D3531F81FABFCDDE4F84 /* PVField.swift */ = {isa = PBXFileReference; includeInIndex = 1; lastKnownFileType = sourcecode.swift; path = PVField.swift; sourceTree = "<group>"; };
		1B183C69AA74C2C22006FC05 /* Fonts */ = {isa = PBXFileReference; includeInIndex = 1; lastKnownFileType = folder; name = Fonts; path = Fonts; sourceTree = "<group>"; };
		28FB7FB1DE947EE962F4BA83 /* PVSelect.swift */ = {isa = PBXFileReference; includeInIndex = 1; lastKnownFileType = sourcecode.swift; path = PVSelect.swift; sourceTree = "<group>"; };
		2B7FCE6BAF87CC79B6907492 /* PVRadius.swift */ = {isa = PBXFileReference; includeInIndex = 1; lastKnownFileType = sourcecode.swift; path = PVRadius.swift; sourceTree = "<group>"; };
		36412B0A6A6851ADB45A7AA8 /* PVIcon.swift */ = {isa = PBXFileReference; includeInIndex = 1; lastKnownFileType = sourcecode.swift; path = PVIcon.swift; sourceTree = "<group>"; };
		4094CD05F31CFF0AA37C888A /* PVColor.swift */ = {isa = PBXFileReference; includeInIndex = 1; lastKnownFileType = sourcecode.swift; path = PVColor.swift; sourceTree = "<group>"; };
		40F72A548E04F25E0AA30CDB /* PVInput.swift */ = {isa = PBXFileReference; includeInIndex = 1; lastKnownFileType = sourcecode.swift; path = PVInput.swift; sourceTree = "<group>"; };
		6AAC04817D6F4CCC9CDC9B17 /* README.md */ = {isa = PBXFileReference; includeInIndex = 1; path = README.md; sourceTree = "<group>"; };
		8FC0B0A893C7248A08303738 /* PVToast.swift */ = {isa = PBXFileReference; includeInIndex = 1; lastKnownFileType = sourcecode.swift; path = PVToast.swift; sourceTree = "<group>"; };
		9A63753F8D90991976A28F13 /* PVElevation.swift */ = {isa = PBXFileReference; includeInIndex = 1; lastKnownFileType = sourcecode.swift; path = PVElevation.swift; sourceTree = "<group>"; };
		9BEB8D3B3D1A6C08B3733B13 /* PVSpacing.swift */ = {isa = PBXFileReference; includeInIndex = 1; lastKnownFileType = sourcecode.swift; path = PVSpacing.swift; sourceTree = "<group>"; };
		A0AE6B1748FA280F95478205 /* PVButton.swift */ = {isa = PBXFileReference; includeInIndex = 1; lastKnownFileType = sourcecode.swift; path = PVButton.swift; sourceTree = "<group>"; };
		AA0000000000000000000010 /* ProvenenciaApp.swift */ = {isa = PBXFileReference; lastKnownFileType = sourcecode.swift; path = ProvenenciaApp.swift; sourceTree = "<group>"; };
		AA0000000000000000000011 /* OnboardingView.swift */ = {isa = PBXFileReference; lastKnownFileType = sourcecode.swift; path = OnboardingView.swift; sourceTree = "<group>"; };
		AA0000000000000000000012 /* Assets.xcassets */ = {isa = PBXFileReference; lastKnownFileType = folder.assetcatalog; path = Assets.xcassets; sourceTree = "<group>"; };
		AA0000000000000000000013 /* engine.pb.swift */ = {isa = PBXFileReference; lastKnownFileType = sourcecode.swift; path = engine.pb.swift; sourceTree = "<group>"; };
		AA0000000000000000000014 /* GenealogyStore.swift */ = {isa = PBXFileReference; lastKnownFileType = sourcecode.swift; path = GenealogyStore.swift; sourceTree = "<group>"; };
		AA0000000000000000000015 /* FakeStore.swift */ = {isa = PBXFileReference; lastKnownFileType = sourcecode.swift; path = FakeStore.swift; sourceTree = "<group>"; };
		AA0000000000000000000016 /* GoStore.swift */ = {isa = PBXFileReference; lastKnownFileType = sourcecode.swift; path = GoStore.swift; sourceTree = "<group>"; };
		AA0000000000000000000017 /* CoreInvoke.swift */ = {isa = PBXFileReference; lastKnownFileType = sourcecode.swift; path = CoreInvoke.swift; sourceTree = "<group>"; };
		AA0000000000000000000018 /* libprovenencia.dylib */ = {isa = PBXFileReference; lastKnownFileType = "compiled.mach-o.dylib"; path = libprovenencia.dylib; sourceTree = "<group>"; };
		AA0000000000000000000019 /* Provenencia-Bridging-Header.h */ = {isa = PBXFileReference; lastKnownFileType = sourcecode.c.h; path = "Provenencia-Bridging-Header.h"; sourceTree = "<group>"; };
		AA000000000000000000001A /* Provenencia.entitlements */ = {isa = PBXFileReference; lastKnownFileType = text.plist.entitlements; path = Provenencia.entitlements; sourceTree = "<group>"; };
		AA000000000000000000001C /* OnboardingModel.swift */ = {isa = PBXFileReference; lastKnownFileType = sourcecode.swift; path = OnboardingModel.swift; sourceTree = "<group>"; };
		AA000000000000000000001D /* InstallPaths.swift */ = {isa = PBXFileReference; lastKnownFileType = sourcecode.swift; path = InstallPaths.swift; sourceTree = "<group>"; };
		AA0000000000000000000020 /* Provenencia.app */ = {isa = PBXFileReference; explicitFileType = wrapper.application; includeInIndex = 0; path = Provenencia.app; sourceTree = BUILT_PRODUCTS_DIR; };
		AA00000000000000000000B0 /* OnboardingModelTests.swift */ = {isa = PBXFileReference; lastKnownFileType = sourcecode.swift; path = OnboardingModelTests.swift; sourceTree = "<group>"; };
		AA00000000000000000000B1 /* InstallPathsTests.swift */ = {isa = PBXFileReference; lastKnownFileType = sourcecode.swift; path = InstallPathsTests.swift; sourceTree = "<group>"; };
		AA00000000000000000000B2 /* ProvenenciaTests.xctest */ = {isa = PBXFileReference; explicitFileType = wrapper.cfbundle; includeInIndex = 0; path = ProvenenciaTests.xctest; sourceTree = BUILT_PRODUCTS_DIR; };
		AA00000000000000000000D0 /* OnboardingChooseFileView.swift */ = {isa = PBXFileReference; lastKnownFileType = sourcecode.swift; path = OnboardingChooseFileView.swift; sourceTree = "<group>"; };
		AA00000000000000000000D1 /* OnboardingIdentifyView.swift */ = {isa = PBXFileReference; lastKnownFileType = sourcecode.swift; path = OnboardingIdentifyView.swift; sourceTree = "<group>"; };
		AA00000000000000000000D2 /* OnboardingHomeView.swift */ = {isa = PBXFileReference; lastKnownFileType = sourcecode.swift; path = OnboardingHomeView.swift; sourceTree = "<group>"; };
		AA00000000000000000000D3 /* OnboardingChrome.swift */ = {isa = PBXFileReference; lastKnownFileType = sourcecode.swift; path = OnboardingChrome.swift; sourceTree = "<group>"; };
		AA00000000000000000000E0 /* Localizable.xcstrings */ = {isa = PBXFileReference; lastKnownFileType = text.json.xcstrings; path = Localizable.xcstrings; sourceTree = "<group>"; };
		AA00000000000000000000E1 /* InfoPlist.xcstrings */ = {isa = PBXFileReference; lastKnownFileType = text.json.xcstrings; path = InfoPlist.xcstrings; sourceTree = "<group>"; };
		AA00000000000000000000E2 /* L10n.swift */ = {isa = PBXFileReference; lastKnownFileType = sourcecode.swift; path = L10n.swift; sourceTree = "<group>"; };
		AA00000000000000000000F0 /* ProjectSlug.swift */ = {isa = PBXFileReference; lastKnownFileType = sourcecode.swift; path = ProjectSlug.swift; sourceTree = "<group>"; };
		AA00000000000000000000F2 /* ProjectSlugTests.swift */ = {isa = PBXFileReference; lastKnownFileType = sourcecode.swift; path = ProjectSlugTests.swift; sourceTree = "<group>"; };
		C355704657FB6A572BF7FD6A /* PVMotion.swift */ = {isa = PBXFileReference; includeInIndex = 1; lastKnownFileType = sourcecode.swift; path = PVMotion.swift; sourceTree = "<group>"; };
		E2789221068BF64015C43CA5 /* PVTypography.swift */ = {isa = PBXFileReference; includeInIndex = 1; lastKnownFileType = sourcecode.swift; path = PVTypography.swift; sourceTree = "<group>"; };
/* End PBXFileReference section */

/* Begin PBXFrameworksBuildPhase section */
		AA0000000000000000000030 /* Frameworks */ = {
			isa = PBXFrameworksBuildPhase;
			buildActionMask = 2147483647;
			files = (
				AA000000000000000000000B /* SwiftProtobuf in Frameworks */,
				AA0000000000000000000009 /* libprovenencia.dylib in Frameworks */,
			);
			runOnlyForDeploymentPostprocessing = 0;
		};
		AA00000000000000000000B8 /* Frameworks */ = {
			isa = PBXFrameworksBuildPhase;
			buildActionMask = 2147483647;
			files = (
			);
			runOnlyForDeploymentPostprocessing = 0;
		};
/* End PBXFrameworksBuildPhase section */

/* Begin PBXGroup section */
		550D63589090B3E5D65DBED2 /* DesignSystem */ = {
			isa = PBXGroup;
			children = (
				6AAC04817D6F4CCC9CDC9B17 /* README.md */,
				60D6F777C59834E056413F38 /* Tokens */,
				C17391C6B09DD9AAD985A390 /* Components */,
			);
			name = DesignSystem;
			path = DesignSystem;
			sourceTree = "<group>";
		};
		60D6F777C59834E056413F38 /* Tokens */ = {
			isa = PBXGroup;
			children = (
				4094CD05F31CFF0AA37C888A /* PVColor.swift */,
				E2789221068BF64015C43CA5 /* PVTypography.swift */,
				9BEB8D3B3D1A6C08B3733B13 /* PVSpacing.swift */,
				2B7FCE6BAF87CC79B6907492 /* PVRadius.swift */,
				9A63753F8D90991976A28F13 /* PVElevation.swift */,
				C355704657FB6A572BF7FD6A /* PVMotion.swift */,
			);
			name = Tokens;
			path = Tokens;
			sourceTree = "<group>";
		};
		751809A4EF38DC6F6B1B17A4 /* Forms */ = {
			isa = PBXGroup;
			children = (
				16D4D3531F81FABFCDDE4F84 /* PVField.swift */,
				40F72A548E04F25E0AA30CDB /* PVInput.swift */,
				28FB7FB1DE947EE962F4BA83 /* PVSelect.swift */,
			);
			name = Forms;
			path = Forms;
			sourceTree = "<group>";
		};
		7CE27BCE83A155C8F77EF85E /* Feedback */ = {
			isa = PBXGroup;
			children = (
				8FC0B0A893C7248A08303738 /* PVToast.swift */,
			);
			name = Feedback;
			path = Feedback;
			sourceTree = "<group>";
		};
		A6C6775E822CC039D1AF078F /* Core */ = {
			isa = PBXGroup;
			children = (
				A0AE6B1748FA280F95478205 /* PVButton.swift */,
				36412B0A6A6851ADB45A7AA8 /* PVIcon.swift */,
			);
			name = Core;
			path = Core;
			sourceTree = "<group>";
		};
		AA0000000000000000000040 = {
			isa = PBXGroup;
			children = (
				AA0000000000000000000041 /* App */,
				AA00000000000000000000B5 /* ProvenenciaTests */,
				AA0000000000000000000043 /* Core */,
				AA0000000000000000000042 /* Products */,
			);
			sourceTree = "<group>";
		};
		AA0000000000000000000041 /* App */ = {
			isa = PBXGroup;
			children = (
				AA0000000000000000000045 /* App */,
				AA0000000000000000000046 /* Platform */,
				AA0000000000000000000047 /* Features */,
				AA0000000000000000000049 /* Resources */,
				550D63589090B3E5D65DBED2 /* DesignSystem */,
			);
			path = App;
			sourceTree = "<group>";
		};
		AA0000000000000000000042 /* Products */ = {
			isa = PBXGroup;
			children = (
				AA0000000000000000000020 /* Provenencia.app */,
				AA00000000000000000000B2 /* ProvenenciaTests.xctest */,
			);
			name = Products;
			sourceTree = "<group>";
		};
		AA0000000000000000000043 /* Core */ = {
			isa = PBXGroup;
			children = (
				AA0000000000000000000018 /* libprovenencia.dylib */,
			);
			path = Core;
			sourceTree = "<group>";
		};
		AA0000000000000000000044 /* Generated */ = {
			isa = PBXGroup;
			children = (
				AA0000000000000000000013 /* engine.pb.swift */,
			);
			path = Generated;
			sourceTree = "<group>";
		};
		AA0000000000000000000045 /* App */ = {
			isa = PBXGroup;
			children = (
				AA0000000000000000000010 /* ProvenenciaApp.swift */,
			);
			path = App;
			sourceTree = "<group>";
		};
		AA0000000000000000000046 /* Platform */ = {
			isa = PBXGroup;
			children = (
				AA0000000000000000000014 /* GenealogyStore.swift */,
				AA0000000000000000000015 /* FakeStore.swift */,
				AA0000000000000000000016 /* GoStore.swift */,
				AA0000000000000000000017 /* CoreInvoke.swift */,
				AA000000000000000000001D /* InstallPaths.swift */,
				AA00000000000000000000F0 /* ProjectSlug.swift */,
				AA00000000000000000000E2 /* L10n.swift */,
				AA0000000000000000000044 /* Generated */,
			);
			path = Platform;
			sourceTree = "<group>";
		};
		AA0000000000000000000047 /* Features */ = {
			isa = PBXGroup;
			children = (
				AA0000000000000000000048 /* Onboarding */,
			);
			path = Features;
			sourceTree = "<group>";
		};
		AA0000000000000000000048 /* Onboarding */ = {
			isa = PBXGroup;
			children = (
				AA0000000000000000000011 /* OnboardingView.swift */,
				AA00000000000000000000D0 /* OnboardingChooseFileView.swift */,
				AA00000000000000000000D1 /* OnboardingIdentifyView.swift */,
				AA00000000000000000000D2 /* OnboardingHomeView.swift */,
				AA00000000000000000000D3 /* OnboardingChrome.swift */,
				AA000000000000000000001C /* OnboardingModel.swift */,
			);
			path = Onboarding;
			sourceTree = "<group>";
		};
		AA0000000000000000000049 /* Resources */ = {
			isa = PBXGroup;
			children = (
				AA0000000000000000000012 /* Assets.xcassets */,
				AA00000000000000000000E0 /* Localizable.xcstrings */,
				AA00000000000000000000E1 /* InfoPlist.xcstrings */,
				AA0000000000000000000019 /* Provenencia-Bridging-Header.h */,
				AA000000000000000000001A /* Provenencia.entitlements */,
				1B183C69AA74C2C22006FC05 /* Fonts */,
			);
			path = Resources;
			sourceTree = "<group>";
		};
		AA00000000000000000000B5 /* ProvenenciaTests */ = {
			isa = PBXGroup;
			children = (
				AA00000000000000000000B0 /* OnboardingModelTests.swift */,
				AA00000000000000000000B1 /* InstallPathsTests.swift */,
				AA00000000000000000000F2 /* ProjectSlugTests.swift */,
			);
			path = ProvenenciaTests;
			sourceTree = "<group>";
		};
		C17391C6B09DD9AAD985A390 /* Components */ = {
			isa = PBXGroup;
			children = (
				A6C6775E822CC039D1AF078F /* Core */,
				751809A4EF38DC6F6B1B17A4 /* Forms */,
				7CE27BCE83A155C8F77EF85E /* Feedback */,
			);
			name = Components;
			path = Components;
			sourceTree = "<group>";
		};
/* End PBXGroup section */

/* Begin PBXNativeTarget section */
		AA0000000000000000000050 /* Provenencia */ = {
			isa = PBXNativeTarget;
			buildConfigurationList = AA0000000000000000000071 /* Build configuration list for PBXNativeTarget "Provenencia" */;
			buildPhases = (
				AA00000000000000000000C0 /* Build Go core */,
				AA0000000000000000000060 /* Sources */,
				AA0000000000000000000030 /* Frameworks */,
				AA0000000000000000000061 /* Resources */,
				AA0000000000000000000062 /* Embed Libraries */,
			);
			buildRules = (
			);
			dependencies = (
			);
			name = Provenencia;
			packageProductDependencies = (
				AA0000000000000000000091 /* SwiftProtobuf */,
			);
			productName = Provenencia;
			productReference = AA0000000000000000000020 /* Provenencia.app */;
			productType = "com.apple.product-type.application";
		};
		AA00000000000000000000B6 /* ProvenenciaTests */ = {
			isa = PBXNativeTarget;
			buildConfigurationList = AA00000000000000000000BC /* Build configuration list for PBXNativeTarget "ProvenenciaTests" */;
			buildPhases = (
				AA00000000000000000000B7 /* Sources */,
				AA00000000000000000000B8 /* Frameworks */,
				AA00000000000000000000B9 /* Resources */,
			);
			buildRules = (
			);
			dependencies = (
				AA00000000000000000000BE /* PBXTargetDependency */,
			);
			name = ProvenenciaTests;
			productName = ProvenenciaTests;
			productReference = AA00000000000000000000B2 /* ProvenenciaTests.xctest */;
			productType = "com.apple.product-type.bundle.unit-test";
		};
/* End PBXNativeTarget section */

/* Begin PBXProject section */
		AA0000000000000000000000 /* Project object */ = {
			isa = PBXProject;
			attributes = {
				BuildIndependentTargetsInParallel = 1;
				LastSwiftUpdateCheck = 1600;
				LastUpgradeCheck = 2660;
				TargetAttributes = {
					AA0000000000000000000050 = {
						CreatedOnToolsVersion = 16.0;
					};
					AA00000000000000000000B6 = {
						CreatedOnToolsVersion = 16.0;
					};
				};
			};
			buildConfigurationList = AA0000000000000000000070 /* Build configuration list for PBXProject "Provenencia" */;
			compatibilityVersion = "Xcode 15.0";
			developmentRegion = en;
			hasScannedForEncodings = 0;
			knownRegions = (
				en,
				Base,
			);
			mainGroup = AA0000000000000000000040;
			packageReferences = (
				AA0000000000000000000090 /* XCRemoteSwiftPackageReference "swift-protobuf" */,
			);
			productRefGroup = AA0000000000000000000042 /* Products */;
			projectDirPath = "";
			projectRoot = "";
			targets = (
				AA0000000000000000000050 /* Provenencia */,
				AA00000000000000000000B6 /* ProvenenciaTests */,
			);
		};
/* End PBXProject section */

/* Begin PBXResourcesBuildPhase section */
		AA0000000000000000000061 /* Resources */ = {
			isa = PBXResourcesBuildPhase;
			buildActionMask = 2147483647;
			files = (
				AA0000000000000000000003 /* Assets.xcassets in Resources */,
				AA00000000000000000000E3 /* Localizable.xcstrings in Resources */,
				AA00000000000000000000E4 /* InfoPlist.xcstrings in Resources */,
				DC8E6C8D157C17756D4C2AC8 /* Fonts in Resources */,
			);
			runOnlyForDeploymentPostprocessing = 0;
		};
		AA00000000000000000000B9 /* Resources */ = {
			isa = PBXResourcesBuildPhase;
			buildActionMask = 2147483647;
			files = (
			);
			runOnlyForDeploymentPostprocessing = 0;
		};
/* End PBXResourcesBuildPhase section */

/* Begin PBXShellScriptBuildPhase section */
		AA00000000000000000000C0 /* Build Go core */ = {
			isa = PBXShellScriptBuildPhase;
			alwaysOutOfDate = 1;
			buildActionMask = 2147483647;
			files = (
			);
			inputFileListPaths = (
			);
			inputPaths = (
			);
			name = "Build Go core";
			outputFileListPaths = (
			);
			outputPaths = (
				"$(SRCROOT)/Core/libprovenencia.dylib",
			);
			runOnlyForDeploymentPostprocessing = 0;
			shellPath = /bin/sh;
			shellScript = "export PATH=\"/opt/homebrew/bin:/usr/local/go/bin:$PATH\"\n\"$SRCROOT/../scripts/build-macos-core.sh\"\n";
		};
/* End PBXShellScriptBuildPhase section */

/* Begin PBXSourcesBuildPhase section */
		AA0000000000000000000060 /* Sources */ = {
			isa = PBXSourcesBuildPhase;
			buildActionMask = 2147483647;
			files = (
				AA0000000000000000000001 /* ProvenenciaApp.swift in Sources */,
				AA0000000000000000000002 /* OnboardingView.swift in Sources */,
				AA00000000000000000000D4 /* OnboardingChooseFileView.swift in Sources */,
				AA00000000000000000000D5 /* OnboardingIdentifyView.swift in Sources */,
				AA00000000000000000000D6 /* OnboardingHomeView.swift in Sources */,
				AA00000000000000000000D7 /* OnboardingChrome.swift in Sources */,
				AA000000000000000000000C /* OnboardingModel.swift in Sources */,
				AA000000000000000000000D /* InstallPaths.swift in Sources */,
				AA00000000000000000000F1 /* ProjectSlug.swift in Sources */,
				AA00000000000000000000E5 /* L10n.swift in Sources */,
				AA0000000000000000000005 /* GenealogyStore.swift in Sources */,
				AA0000000000000000000006 /* FakeStore.swift in Sources */,
				AA0000000000000000000007 /* GoStore.swift in Sources */,
				AA0000000000000000000008 /* CoreInvoke.swift in Sources */,
				AA0000000000000000000004 /* engine.pb.swift in Sources */,
				60591A4DC996FC9EB9F29023 /* PVColor.swift in Sources */,
				56FF85A0EB2688B0B226A023 /* PVTypography.swift in Sources */,
				537CBAF612C54F4F04ADA683 /* PVSpacing.swift in Sources */,
				1538A09B7711459456E31FCD /* PVRadius.swift in Sources */,
				210C39BBEED71061425C528F /* PVElevation.swift in Sources */,
				01574F7767F9B0AF5550AFAD /* PVMotion.swift in Sources */,
				CA918E2A0BCB420DA8CD87E5 /* PVButton.swift in Sources */,
				6D245285E4AB8AAFDE78E313 /* PVIcon.swift in Sources */,
				080D24179717B185C273478D /* PVField.swift in Sources */,
				ECC25906B62C6453A5CB9D25 /* PVInput.swift in Sources */,
				504C4A2D17A9AC30A47D4E37 /* PVSelect.swift in Sources */,
				854A784AE802C0EF7A484971 /* PVToast.swift in Sources */,
			);
			runOnlyForDeploymentPostprocessing = 0;
		};
		AA00000000000000000000B7 /* Sources */ = {
			isa = PBXSourcesBuildPhase;
			buildActionMask = 2147483647;
			files = (
				AA00000000000000000000B3 /* OnboardingModelTests.swift in Sources */,
				AA00000000000000000000B4 /* InstallPathsTests.swift in Sources */,
				AA00000000000000000000F3 /* ProjectSlugTests.swift in Sources */,
			);
			runOnlyForDeploymentPostprocessing = 0;
		};
/* End PBXSourcesBuildPhase section */

/* Begin PBXTargetDependency section */
		AA00000000000000000000BE /* PBXTargetDependency */ = {
			isa = PBXTargetDependency;
			target = AA0000000000000000000050 /* Provenencia */;
			targetProxy = AA00000000000000000000BD /* PBXContainerItemProxy */;
		};
/* End PBXTargetDependency section */

/* Begin XCBuildConfiguration section */
		AA0000000000000000000080 /* Debug */ = {
			isa = XCBuildConfiguration;
			buildSettings = {
				ALWAYS_SEARCH_USER_PATHS = NO;
				ASSETCATALOG_COMPILER_GENERATE_SWIFT_ASSET_SYMBOL_EXTENSIONS = YES;
				CLANG_ENABLE_MODULES = YES;
				CLANG_WARN_BLOCK_CAPTURE_AUTORELEASING = YES;
				CLANG_WARN_BOOL_CONVERSION = YES;
				CLANG_WARN_COMMA = YES;
				CLANG_WARN_CONSTANT_CONVERSION = YES;
				CLANG_WARN_DEPRECATED_OBJC_IMPLEMENTATIONS = YES;
				CLANG_WARN_EMPTY_BODY = YES;
				CLANG_WARN_ENUM_CONVERSION = YES;
				CLANG_WARN_INFINITE_RECURSION = YES;
				CLANG_WARN_INT_CONVERSION = YES;
				CLANG_WARN_NON_LITERAL_NULL_CONVERSION = YES;
				CLANG_WARN_OBJC_IMPLICIT_RETAIN_SELF = YES;
				CLANG_WARN_OBJC_LITERAL_CONVERSION = YES;
				CLANG_WARN_QUOTED_INCLUDE_IN_FRAMEWORK_HEADER = YES;
				CLANG_WARN_RANGE_LOOP_ANALYSIS = YES;
				CLANG_WARN_STRICT_PROTOTYPES = YES;
				CLANG_WARN_SUSPICIOUS_MOVE = YES;
				CLANG_WARN_UNREACHABLE_CODE = YES;
				CLANG_WARN__DUPLICATE_METHOD_MATCH = YES;
				COPY_PHASE_STRIP = NO;
				DEAD_CODE_STRIPPING = YES;
				DEBUG_INFORMATION_FORMAT = dwarf;
				ENABLE_STRICT_OBJC_MSGSEND = YES;
				ENABLE_TESTABILITY = YES;
				ENABLE_USER_SCRIPT_SANDBOXING = YES;
				GCC_DYNAMIC_NO_PIC = NO;
				GCC_NO_COMMON_BLOCKS = YES;
				GCC_OPTIMIZATION_LEVEL = 0;
				GCC_WARN_64_TO_32_BIT_CONVERSION = YES;
				GCC_WARN_ABOUT_RETURN_TYPE = YES;
				GCC_WARN_UNDECLARED_SELECTOR = YES;
				GCC_WARN_UNINITIALIZED_AUTOS = YES;
				GCC_WARN_UNUSED_FUNCTION = YES;
				GCC_WARN_UNUSED_VARIABLE = YES;
				MACOSX_DEPLOYMENT_TARGET = 14.0;
				ONLY_ACTIVE_ARCH = YES;
				SDKROOT = macosx;
				STRING_CATALOG_GENERATE_SYMBOLS = YES;
				SWIFT_ACTIVE_COMPILATION_CONDITIONS = "DEBUG $(inherited)";
				SWIFT_OPTIMIZATION_LEVEL = "-Onone";
				SWIFT_VERSION = 5.0;
			};
			name = Debug;
		};
		AA0000000000000000000081 /* Release */ = {
			isa = XCBuildConfiguration;
			buildSettings = {
				ALWAYS_SEARCH_USER_PATHS = NO;
				ASSETCATALOG_COMPILER_GENERATE_SWIFT_ASSET_SYMBOL_EXTENSIONS = YES;
				CLANG_ENABLE_MODULES = YES;
				CLANG_WARN_BLOCK_CAPTURE_AUTORELEASING = YES;
				CLANG_WARN_BOOL_CONVERSION = YES;
				CLANG_WARN_COMMA = YES;
				CLANG_WARN_CONSTANT_CONVERSION = YES;
				CLANG_WARN_DEPRECATED_OBJC_IMPLEMENTATIONS = YES;
				CLANG_WARN_EMPTY_BODY = YES;
				CLANG_WARN_ENUM_CONVERSION = YES;
				CLANG_WARN_INFINITE_RECURSION = YES;
				CLANG_WARN_INT_CONVERSION = YES;
				CLANG_WARN_NON_LITERAL_NULL_CONVERSION = YES;
				CLANG_WARN_OBJC_IMPLICIT_RETAIN_SELF = YES;
				CLANG_WARN_OBJC_LITERAL_CONVERSION = YES;
				CLANG_WARN_QUOTED_INCLUDE_IN_FRAMEWORK_HEADER = YES;
				CLANG_WARN_RANGE_LOOP_ANALYSIS = YES;
				CLANG_WARN_STRICT_PROTOTYPES = YES;
				CLANG_WARN_SUSPICIOUS_MOVE = YES;
				CLANG_WARN_UNREACHABLE_CODE = YES;
				CLANG_WARN__DUPLICATE_METHOD_MATCH = YES;
				COPY_PHASE_STRIP = NO;
				DEAD_CODE_STRIPPING = YES;
				DEBUG_INFORMATION_FORMAT = "dwarf-with-dsym";
				ENABLE_STRICT_OBJC_MSGSEND = YES;
				ENABLE_USER_SCRIPT_SANDBOXING = YES;
				GCC_NO_COMMON_BLOCKS = YES;
				GCC_WARN_64_TO_32_BIT_CONVERSION = YES;
				GCC_WARN_ABOUT_RETURN_TYPE = YES;
				GCC_WARN_UNDECLARED_SELECTOR = YES;
				GCC_WARN_UNINITIALIZED_AUTOS = YES;
				GCC_WARN_UNUSED_FUNCTION = YES;
				GCC_WARN_UNUSED_VARIABLE = YES;
				MACOSX_DEPLOYMENT_TARGET = 14.0;
				SDKROOT = macosx;
				STRING_CATALOG_GENERATE_SYMBOLS = YES;
				SWIFT_COMPILATION_MODE = wholemodule;
				SWIFT_VERSION = 5.0;
			};
			name = Release;
		};
		AA0000000000000000000082 /* Debug */ = {
			isa = XCBuildConfiguration;
			buildSettings = {
				ASSETCATALOG_COMPILER_APPICON_NAME = AppIcon;
				ASSETCATALOG_COMPILER_GLOBAL_ACCENT_COLOR_NAME = AccentColor;
				CLANG_ENABLE_OBJC_WEAK = YES;
				CODE_SIGN_ENTITLEMENTS = App/Resources/Provenencia.entitlements;
				CODE_SIGN_IDENTITY = "-";
				CODE_SIGN_STYLE = Automatic;
				COMBINE_HIDPI_IMAGES = YES;
				CURRENT_PROJECT_VERSION = 1;
				DEAD_CODE_STRIPPING = YES;
				ENABLE_HARDENED_RUNTIME = YES;
				ENABLE_USER_SCRIPT_SANDBOXING = NO;
				GENERATE_INFOPLIST_FILE = YES;
				HEADER_SEARCH_PATHS = (
					"$(inherited)",
					"$(PROJECT_DIR)/Core",
				);
				INFOPLIST_KEY_CFBundleDisplayName = Provenencia;
				INFOPLIST_KEY_LSApplicationCategoryType = "public.app-category.reference";
				INFOPLIST_KEY_NSHumanReadableCopyright = "";
				LD_RUNPATH_SEARCH_PATHS = (
					"$(inherited)",
					"@executable_path/../Frameworks",
				);
				LIBRARY_SEARCH_PATHS = (
					"$(inherited)",
					"$(PROJECT_DIR)/Core",
				);
				MACOSX_DEPLOYMENT_TARGET = 14.0;
				MARKETING_VERSION = 0.1.0;
				PRODUCT_BUNDLE_IDENTIFIER = app.provenencia;
				PRODUCT_NAME = "$(TARGET_NAME)";
				SWIFT_EMIT_LOC_STRINGS = YES;
				SWIFT_OBJC_BRIDGING_HEADER = "App/Resources/Provenencia-Bridging-Header.h";
				SWIFT_VERSION = 5.0;
			};
			name = Debug;
		};
		AA0000000000000000000083 /* Release */ = {
			isa = XCBuildConfiguration;
			buildSettings = {
				ASSETCATALOG_COMPILER_APPICON_NAME = AppIcon;
				ASSETCATALOG_COMPILER_GLOBAL_ACCENT_COLOR_NAME = AccentColor;
				CLANG_ENABLE_OBJC_WEAK = YES;
				CODE_SIGN_ENTITLEMENTS = App/Resources/Provenencia.entitlements;
				CODE_SIGN_IDENTITY = "-";
				CODE_SIGN_STYLE = Automatic;
				COMBINE_HIDPI_IMAGES = YES;
				CURRENT_PROJECT_VERSION = 1;
				DEAD_CODE_STRIPPING = YES;
				ENABLE_HARDENED_RUNTIME = YES;
				ENABLE_USER_SCRIPT_SANDBOXING = NO;
				GENERATE_INFOPLIST_FILE = YES;
				HEADER_SEARCH_PATHS = (
					"$(inherited)",
					"$(PROJECT_DIR)/Core",
				);
				INFOPLIST_KEY_CFBundleDisplayName = Provenencia;
				INFOPLIST_KEY_LSApplicationCategoryType = "public.app-category.reference";
				INFOPLIST_KEY_NSHumanReadableCopyright = "";
				LD_RUNPATH_SEARCH_PATHS = (
					"$(inherited)",
					"@executable_path/../Frameworks",
				);
				LIBRARY_SEARCH_PATHS = (
					"$(inherited)",
					"$(PROJECT_DIR)/Core",
				);
				MACOSX_DEPLOYMENT_TARGET = 14.0;
				MARKETING_VERSION = 0.1.0;
				PRODUCT_BUNDLE_IDENTIFIER = app.provenencia;
				PRODUCT_NAME = "$(TARGET_NAME)";
				SWIFT_EMIT_LOC_STRINGS = YES;
				SWIFT_OBJC_BRIDGING_HEADER = "App/Resources/Provenencia-Bridging-Header.h";
				SWIFT_VERSION = 5.0;
			};
			name = Release;
		};
		AA00000000000000000000BA /* Debug */ = {
			isa = XCBuildConfiguration;
			buildSettings = {
				BUNDLE_LOADER = "$(TEST_HOST)";
				CODE_SIGN_IDENTITY = "-";
				CODE_SIGN_STYLE = Automatic;
				COMBINE_HIDPI_IMAGES = YES;
				CURRENT_PROJECT_VERSION = 1;
				DEAD_CODE_STRIPPING = YES;
				GENERATE_INFOPLIST_FILE = YES;
				MACOSX_DEPLOYMENT_TARGET = 14.0;
				MARKETING_VERSION = 0.1.0;
				PRODUCT_BUNDLE_IDENTIFIER = app.provenencia.tests;
				PRODUCT_NAME = "$(TARGET_NAME)";
				SWIFT_EMIT_LOC_STRINGS = NO;
				SWIFT_VERSION = 5.0;
				TEST_HOST = "$(BUILT_PRODUCTS_DIR)/Provenencia.app/Contents/MacOS/Provenencia";
			};
			name = Debug;
		};
		AA00000000000000000000BB /* Release */ = {
			isa = XCBuildConfiguration;
			buildSettings = {
				BUNDLE_LOADER = "$(TEST_HOST)";
				CODE_SIGN_IDENTITY = "-";
				CODE_SIGN_STYLE = Automatic;
				COMBINE_HIDPI_IMAGES = YES;
				CURRENT_PROJECT_VERSION = 1;
				DEAD_CODE_STRIPPING = YES;
				GENERATE_INFOPLIST_FILE = YES;
				MACOSX_DEPLOYMENT_TARGET = 14.0;
				MARKETING_VERSION = 0.1.0;
				PRODUCT_BUNDLE_IDENTIFIER = app.provenencia.tests;
				PRODUCT_NAME = "$(TARGET_NAME)";
				SWIFT_EMIT_LOC_STRINGS = NO;
				SWIFT_VERSION = 5.0;
				TEST_HOST = "$(BUILT_PRODUCTS_DIR)/Provenencia.app/Contents/MacOS/Provenencia";
			};
			name = Release;
		};
/* End XCBuildConfiguration section */

/* Begin XCConfigurationList section */
		AA0000000000000000000070 /* Build configuration list for PBXProject "Provenencia" */ = {
			isa = XCConfigurationList;
			buildConfigurations = (
				AA0000000000000000000080 /* Debug */,
				AA0000000000000000000081 /* Release */,
			);
			defaultConfigurationIsVisible = 0;
			defaultConfigurationName = Release;
		};
		AA0000000000000000000071 /* Build configuration list for PBXNativeTarget "Provenencia" */ = {
			isa = XCConfigurationList;
			buildConfigurations = (
				AA0000000000000000000082 /* Debug */,
				AA0000000000000000000083 /* Release */,
			);
			defaultConfigurationIsVisible = 0;
			defaultConfigurationName = Release;
		};
		AA00000000000000000000BC /* Build configuration list for PBXNativeTarget "ProvenenciaTests" */ = {
			isa = XCConfigurationList;
			buildConfigurations = (
				AA00000000000000000000BA /* Debug */,
				AA00000000000000000000BB /* Release */,
			);
			defaultConfigurationIsVisible = 0;
			defaultConfigurationName = Release;
		};
/* End XCConfigurationList section */

/* Begin XCRemoteSwiftPackageReference section */
		AA0000000000000000000090 /* XCRemoteSwiftPackageReference "swift-protobuf" */ = {
			isa = XCRemoteSwiftPackageReference;
			repositoryURL = "https://github.com/apple/swift-protobuf.git";
			requirement = {
				kind = upToNextMajorVersion;
				minimumVersion = 1.28.2;
			};
		};
/* End XCRemoteSwiftPackageReference section */

/* Begin XCSwiftPackageProductDependency section */
		AA0000000000000000000091 /* SwiftProtobuf */ = {
			isa = XCSwiftPackageProductDependency;
			package = AA0000000000000000000090 /* XCRemoteSwiftPackageReference "swift-protobuf" */;
			productName = SwiftProtobuf;
		};
/* End XCSwiftPackageProductDependency section */
	};
	rootObject = AA0000000000000000000000 /* Project object */;
}
