// !$*UTF8*$!
{
	archiveVersion = 1;
	classes = {
	};
	objectVersion = 60;
	objects = {

/* Begin PBXBuildFile section */
		AA0000000000000000000001 /* ProvenanceApp.swift in Sources */ = {isa = PBXBuildFile; fileRef = AA0000000000000000000010 /* ProvenanceApp.swift */; };
		AA0000000000000000000002 /* OnboardingView.swift in Sources */ = {isa = PBXBuildFile; fileRef = AA0000000000000000000011 /* OnboardingView.swift */; };
		AA0000000000000000000003 /* Assets.xcassets in Resources */ = {isa = PBXBuildFile; fileRef = AA0000000000000000000012 /* Assets.xcassets */; };
		AA0000000000000000000004 /* engine.pb.swift in Sources */ = {isa = PBXBuildFile; fileRef = AA0000000000000000000013 /* engine.pb.swift */; };
		AA0000000000000000000005 /* GenealogyStore.swift in Sources */ = {isa = PBXBuildFile; fileRef = AA0000000000000000000014 /* GenealogyStore.swift */; };
		AA0000000000000000000006 /* FakeStore.swift in Sources */ = {isa = PBXBuildFile; fileRef = AA0000000000000000000015 /* FakeStore.swift */; };
		AA0000000000000000000007 /* GoStore.swift in Sources */ = {isa = PBXBuildFile; fileRef = AA0000000000000000000016 /* GoStore.swift */; };
		AA0000000000000000000008 /* CoreInvoke.swift in Sources */ = {isa = PBXBuildFile; fileRef = AA0000000000000000000017 /* CoreInvoke.swift */; };
		AA0000000000000000000009 /* libprovenance.dylib in Frameworks */ = {isa = PBXBuildFile; fileRef = AA0000000000000000000018 /* libprovenance.dylib */; };
		AA000000000000000000000A /* libprovenance.dylib in Embed Libraries */ = {isa = PBXBuildFile; fileRef = AA0000000000000000000018 /* libprovenance.dylib */; settings = {ATTRIBUTES = (CodeSignOnCopy, ); }; };
		AA000000000000000000000B /* SwiftProtobuf in Frameworks */ = {isa = PBXBuildFile; productRef = AA0000000000000000000091 /* SwiftProtobuf */; };
		AA000000000000000000000C /* OnboardingModel.swift in Sources */ = {isa = PBXBuildFile; fileRef = AA000000000000000000001C /* OnboardingModel.swift */; };
		AA000000000000000000000D /* InstallPaths.swift in Sources */ = {isa = PBXBuildFile; fileRef = AA000000000000000000001D /* InstallPaths.swift */; };
/* End PBXBuildFile section */

/* Begin PBXCopyFilesBuildPhase section */
		AA0000000000000000000062 /* Embed Libraries */ = {
			isa = PBXCopyFilesBuildPhase;
			buildActionMask = 2147483647;
			dstPath = "";
			dstSubfolderSpec = 10;
			files = (
				AA000000000000000000000A /* libprovenance.dylib in Embed Libraries */,
			);
			name = "Embed Libraries";
			runOnlyForDeploymentPostprocessing = 0;
		};
/* End PBXCopyFilesBuildPhase section */

/* Begin PBXFileReference section */
		AA0000000000000000000010 /* ProvenanceApp.swift */ = {isa = PBXFileReference; lastKnownFileType = sourcecode.swift; path = ProvenanceApp.swift; sourceTree = "<group>"; };
		AA0000000000000000000011 /* OnboardingView.swift */ = {isa = PBXFileReference; lastKnownFileType = sourcecode.swift; path = OnboardingView.swift; sourceTree = "<group>"; };
		AA0000000000000000000012 /* Assets.xcassets */ = {isa = PBXFileReference; lastKnownFileType = folder.assetcatalog; path = Assets.xcassets; sourceTree = "<group>"; };
		AA0000000000000000000013 /* engine.pb.swift */ = {isa = PBXFileReference; lastKnownFileType = sourcecode.swift; path = engine.pb.swift; sourceTree = "<group>"; };
		AA0000000000000000000014 /* GenealogyStore.swift */ = {isa = PBXFileReference; lastKnownFileType = sourcecode.swift; path = GenealogyStore.swift; sourceTree = "<group>"; };
		AA0000000000000000000015 /* FakeStore.swift */ = {isa = PBXFileReference; lastKnownFileType = sourcecode.swift; path = FakeStore.swift; sourceTree = "<group>"; };
		AA0000000000000000000016 /* GoStore.swift */ = {isa = PBXFileReference; lastKnownFileType = sourcecode.swift; path = GoStore.swift; sourceTree = "<group>"; };
		AA0000000000000000000017 /* CoreInvoke.swift */ = {isa = PBXFileReference; lastKnownFileType = sourcecode.swift; path = CoreInvoke.swift; sourceTree = "<group>"; };
		AA0000000000000000000018 /* libprovenance.dylib */ = {isa = PBXFileReference; lastKnownFileType = "compiled.mach-o.dylib"; path = libprovenance.dylib; sourceTree = "<group>"; };
		AA0000000000000000000019 /* Provenance-Bridging-Header.h */ = {isa = PBXFileReference; lastKnownFileType = sourcecode.c.h; path = "Provenance-Bridging-Header.h"; sourceTree = "<group>"; };
		AA000000000000000000001A /* Provenance.entitlements */ = {isa = PBXFileReference; lastKnownFileType = text.plist.entitlements; path = Provenance.entitlements; sourceTree = "<group>"; };
		AA000000000000000000001C /* OnboardingModel.swift */ = {isa = PBXFileReference; lastKnownFileType = sourcecode.swift; path = OnboardingModel.swift; sourceTree = "<group>"; };
		AA000000000000000000001D /* InstallPaths.swift */ = {isa = PBXFileReference; lastKnownFileType = sourcecode.swift; path = InstallPaths.swift; sourceTree = "<group>"; };
		AA0000000000000000000020 /* Provenance.app */ = {isa = PBXFileReference; explicitFileType = wrapper.application; includeInIndex = 0; path = Provenance.app; sourceTree = BUILT_PRODUCTS_DIR; };
/* End PBXFileReference section */

/* Begin PBXFrameworksBuildPhase section */
		AA0000000000000000000030 /* Frameworks */ = {
			isa = PBXFrameworksBuildPhase;
			buildActionMask = 2147483647;
			files = (
				AA000000000000000000000B /* SwiftProtobuf in Frameworks */,
				AA0000000000000000000009 /* libprovenance.dylib in Frameworks */,
			);
			runOnlyForDeploymentPostprocessing = 0;
		};
/* End PBXFrameworksBuildPhase section */

/* Begin PBXGroup section */
		AA0000000000000000000040 = {
			isa = PBXGroup;
			children = (
				AA0000000000000000000041 /* App */,
				AA0000000000000000000043 /* Core */,
				AA0000000000000000000042 /* Products */,
			);
			sourceTree = "<group>";
		};
		AA0000000000000000000041 /* App */ = {
			isa = PBXGroup;
			children = (
				AA0000000000000000000045 /* App */,
				AA0000000000000000000046 /* Platform */,
				AA0000000000000000000047 /* Features */,
				AA0000000000000000000049 /* Resources */,
			);
			path = App;
			sourceTree = "<group>";
		};
		AA0000000000000000000042 /* Products */ = {
			isa = PBXGroup;
			children = (
				AA0000000000000000000020 /* Provenance.app */,
			);
			name = Products;
			sourceTree = "<group>";
		};
		AA0000000000000000000043 /* Core */ = {
			isa = PBXGroup;
			children = (
				AA0000000000000000000018 /* libprovenance.dylib */,
			);
			path = Core;
			sourceTree = "<group>";
		};
		AA0000000000000000000044 /* Generated */ = {
			isa = PBXGroup;
			children = (
				AA0000000000000000000013 /* engine.pb.swift */,
			);
			path = Generated;
			sourceTree = "<group>";
		};
		AA0000000000000000000045 /* App */ = {
			isa = PBXGroup;
			children = (
				AA0000000000000000000010 /* ProvenanceApp.swift */,
			);
			path = App;
			sourceTree = "<group>";
		};
		AA0000000000000000000046 /* Platform */ = {
			isa = PBXGroup;
			children = (
				AA0000000000000000000014 /* GenealogyStore.swift */,
				AA0000000000000000000015 /* FakeStore.swift */,
				AA0000000000000000000016 /* GoStore.swift */,
				AA0000000000000000000017 /* CoreInvoke.swift */,
				AA000000000000000000001D /* InstallPaths.swift */,
				AA0000000000000000000044 /* Generated */,
			);
			path = Platform;
			sourceTree = "<group>";
		};
		AA0000000000000000000047 /* Features */ = {
			isa = PBXGroup;
			children = (
				AA0000000000000000000048 /* Onboarding */,
			);
			path = Features;
			sourceTree = "<group>";
		};
		AA0000000000000000000048 /* Onboarding */ = {
			isa = PBXGroup;
			children = (
				AA0000000000000000000011 /* OnboardingView.swift */,
				AA000000000000000000001C /* OnboardingModel.swift */,
			);
			path = Onboarding;
			sourceTree = "<group>";
		};
		AA0000000000000000000049 /* Resources */ = {
			isa = PBXGroup;
			children = (
				AA0000000000000000000012 /* Assets.xcassets */,
				AA0000000000000000000019 /* Provenance-Bridging-Header.h */,
				AA000000000000000000001A /* Provenance.entitlements */,
			);
			path = Resources;
			sourceTree = "<group>";
		};
/* End PBXGroup section */

/* Begin PBXNativeTarget section */
		AA0000000000000000000050 /* Provenance */ = {
			isa = PBXNativeTarget;
			buildConfigurationList = AA0000000000000000000071 /* Build configuration list for PBXNativeTarget "Provenance" */;
			buildPhases = (
				AA0000000000000000000060 /* Sources */,
				AA0000000000000000000030 /* Frameworks */,
				AA0000000000000000000061 /* Resources */,
				AA0000000000000000000062 /* Embed Libraries */,
			);
			buildRules = (
			);
			dependencies = (
			);
			name = Provenance;
			packageProductDependencies = (
				AA0000000000000000000091 /* SwiftProtobuf */,
			);
			productName = Provenance;
			productReference = AA0000000000000000000020 /* Provenance.app */;
			productType = "com.apple.product-type.application";
		};
/* End PBXNativeTarget section */

/* Begin PBXProject section */
		AA0000000000000000000000 /* Project object */ = {
			isa = PBXProject;
			attributes = {
				BuildIndependentTargetsInParallel = 1;
				LastSwiftUpdateCheck = 1600;
				LastUpgradeCheck = 2660;
				TargetAttributes = {
					AA0000000000000000000050 = {
						CreatedOnToolsVersion = 16.0;
					};
				};
			};
			buildConfigurationList = AA0000000000000000000070 /* Build configuration list for PBXProject "Provenance" */;
			compatibilityVersion = "Xcode 15.0";
			developmentRegion = en;
			hasScannedForEncodings = 0;
			knownRegions = (
				en,
				Base,
			);
			mainGroup = AA0000000000000000000040;
			packageReferences = (
				AA0000000000000000000090 /* XCRemoteSwiftPackageReference "swift-protobuf" */,
			);
			productRefGroup = AA0000000000000000000042 /* Products */;
			projectDirPath = "";
			projectRoot = "";
			targets = (
				AA0000000000000000000050 /* Provenance */,
			);
		};
/* End PBXProject section */

/* Begin PBXResourcesBuildPhase section */
		AA0000000000000000000061 /* Resources */ = {
			isa = PBXResourcesBuildPhase;
			buildActionMask = 2147483647;
			files = (
				AA0000000000000000000003 /* Assets.xcassets in Resources */,
			);
			runOnlyForDeploymentPostprocessing = 0;
		};
/* End PBXResourcesBuildPhase section */

/* Begin PBXSourcesBuildPhase section */
		AA0000000000000000000060 /* Sources */ = {
			isa = PBXSourcesBuildPhase;
			buildActionMask = 2147483647;
			files = (
				AA0000000000000000000001 /* ProvenanceApp.swift in Sources */,
				AA0000000000000000000002 /* OnboardingView.swift in Sources */,
				AA000000000000000000000C /* OnboardingModel.swift in Sources */,
				AA000000000000000000000D /* InstallPaths.swift in Sources */,
				AA0000000000000000000005 /* GenealogyStore.swift in Sources */,
				AA0000000000000000000006 /* FakeStore.swift in Sources */,
				AA0000000000000000000007 /* GoStore.swift in Sources */,
				AA0000000000000000000008 /* CoreInvoke.swift in Sources */,
				AA0000000000000000000004 /* engine.pb.swift in Sources */,
			);
			runOnlyForDeploymentPostprocessing = 0;
		};
/* End PBXSourcesBuildPhase section */

/* Begin XCBuildConfiguration section */
		AA0000000000000000000080 /* Debug */ = {
			isa = XCBuildConfiguration;
			buildSettings = {
				ALWAYS_SEARCH_USER_PATHS = NO;
				ASSETCATALOG_COMPILER_GENERATE_SWIFT_ASSET_SYMBOL_EXTENSIONS = YES;
				CLANG_ENABLE_MODULES = YES;
				CLANG_WARN_BLOCK_CAPTURE_AUTORELEASING = YES;
				CLANG_WARN_BOOL_CONVERSION = YES;
				CLANG_WARN_COMMA = YES;
				CLANG_WARN_CONSTANT_CONVERSION = YES;
				CLANG_WARN_DEPRECATED_OBJC_IMPLEMENTATIONS = YES;
				CLANG_WARN_EMPTY_BODY = YES;
				CLANG_WARN_ENUM_CONVERSION = YES;
				CLANG_WARN_INFINITE_RECURSION = YES;
				CLANG_WARN_INT_CONVERSION = YES;
				CLANG_WARN_NON_LITERAL_NULL_CONVERSION = YES;
				CLANG_WARN_OBJC_IMPLICIT_RETAIN_SELF = YES;
				CLANG_WARN_OBJC_LITERAL_CONVERSION = YES;
				CLANG_WARN_QUOTED_INCLUDE_IN_FRAMEWORK_HEADER = YES;
				CLANG_WARN_RANGE_LOOP_ANALYSIS = YES;
				CLANG_WARN_STRICT_PROTOTYPES = YES;
				CLANG_WARN_SUSPICIOUS_MOVE = YES;
				CLANG_WARN_UNREACHABLE_CODE = YES;
				CLANG_WARN__DUPLICATE_METHOD_MATCH = YES;
				COPY_PHASE_STRIP = NO;
				DEAD_CODE_STRIPPING = YES;
				DEBUG_INFORMATION_FORMAT = dwarf;
				ENABLE_STRICT_OBJC_MSGSEND = YES;
				ENABLE_TESTABILITY = YES;
				ENABLE_USER_SCRIPT_SANDBOXING = YES;
				GCC_DYNAMIC_NO_PIC = NO;
				GCC_NO_COMMON_BLOCKS = YES;
				GCC_OPTIMIZATION_LEVEL = 0;
				GCC_WARN_64_TO_32_BIT_CONVERSION = YES;
				GCC_WARN_ABOUT_RETURN_TYPE = YES;
				GCC_WARN_UNDECLARED_SELECTOR = YES;
				GCC_WARN_UNINITIALIZED_AUTOS = YES;
				GCC_WARN_UNUSED_FUNCTION = YES;
				GCC_WARN_UNUSED_VARIABLE = YES;
				MACOSX_DEPLOYMENT_TARGET = 14.0;
				ONLY_ACTIVE_ARCH = YES;
				SDKROOT = macosx;
				STRING_CATALOG_GENERATE_SYMBOLS = YES;
				SWIFT_ACTIVE_COMPILATION_CONDITIONS = "DEBUG $(inherited)";
				SWIFT_OPTIMIZATION_LEVEL = "-Onone";
				SWIFT_VERSION = 5.0;
			};
			name = Debug;
		};
		AA0000000000000000000081 /* Release */ = {
			isa = XCBuildConfiguration;
			buildSettings = {
				ALWAYS_SEARCH_USER_PATHS = NO;
				ASSETCATALOG_COMPILER_GENERATE_SWIFT_ASSET_SYMBOL_EXTENSIONS = YES;
				CLANG_ENABLE_MODULES = YES;
				CLANG_WARN_BLOCK_CAPTURE_AUTORELEASING = YES;
				CLANG_WARN_BOOL_CONVERSION = YES;
				CLANG_WARN_COMMA = YES;
				CLANG_WARN_CONSTANT_CONVERSION = YES;
				CLANG_WARN_DEPRECATED_OBJC_IMPLEMENTATIONS = YES;
				CLANG_WARN_EMPTY_BODY = YES;
				CLANG_WARN_ENUM_CONVERSION = YES;
				CLANG_WARN_INFINITE_RECURSION = YES;
				CLANG_WARN_INT_CONVERSION = YES;
				CLANG_WARN_NON_LITERAL_NULL_CONVERSION = YES;
				CLANG_WARN_OBJC_IMPLICIT_RETAIN_SELF = YES;
				CLANG_WARN_OBJC_LITERAL_CONVERSION = YES;
				CLANG_WARN_QUOTED_INCLUDE_IN_FRAMEWORK_HEADER = YES;
				CLANG_WARN_RANGE_LOOP_ANALYSIS = YES;
				CLANG_WARN_STRICT_PROTOTYPES = YES;
				CLANG_WARN_SUSPICIOUS_MOVE = YES;
				CLANG_WARN_UNREACHABLE_CODE = YES;
				CLANG_WARN__DUPLICATE_METHOD_MATCH = YES;
				COPY_PHASE_STRIP = NO;
				DEAD_CODE_STRIPPING = YES;
				DEBUG_INFORMATION_FORMAT = "dwarf-with-dsym";
				ENABLE_STRICT_OBJC_MSGSEND = YES;
				ENABLE_USER_SCRIPT_SANDBOXING = YES;
				GCC_NO_COMMON_BLOCKS = YES;
				GCC_WARN_64_TO_32_BIT_CONVERSION = YES;
				GCC_WARN_ABOUT_RETURN_TYPE = YES;
				GCC_WARN_UNDECLARED_SELECTOR = YES;
				GCC_WARN_UNINITIALIZED_AUTOS = YES;
				GCC_WARN_UNUSED_FUNCTION = YES;
				GCC_WARN_UNUSED_VARIABLE = YES;
				MACOSX_DEPLOYMENT_TARGET = 14.0;
				SDKROOT = macosx;
				STRING_CATALOG_GENERATE_SYMBOLS = YES;
				SWIFT_COMPILATION_MODE = wholemodule;
				SWIFT_VERSION = 5.0;
			};
			name = Release;
		};
		AA0000000000000000000082 /* Debug */ = {
			isa = XCBuildConfiguration;
			buildSettings = {
				ASSETCATALOG_COMPILER_APPICON_NAME = AppIcon;
				ASSETCATALOG_COMPILER_GLOBAL_ACCENT_COLOR_NAME = AccentColor;
				CLANG_ENABLE_OBJC_WEAK = YES;
				CODE_SIGN_ENTITLEMENTS = App/Resources/Provenance.entitlements;
				CODE_SIGN_IDENTITY = "-";
				CODE_SIGN_STYLE = Automatic;
				COMBINE_HIDPI_IMAGES = YES;
				CURRENT_PROJECT_VERSION = 1;
				DEAD_CODE_STRIPPING = YES;
				ENABLE_HARDENED_RUNTIME = YES;
				GENERATE_INFOPLIST_FILE = YES;
				HEADER_SEARCH_PATHS = (
					"$(inherited)",
					"$(PROJECT_DIR)/Core",
				);
				INFOPLIST_KEY_CFBundleDisplayName = Provenance;
				INFOPLIST_KEY_LSApplicationCategoryType = "public.app-category.reference";
				INFOPLIST_KEY_NSHumanReadableCopyright = "";
				LD_RUNPATH_SEARCH_PATHS = (
					"$(inherited)",
					"@executable_path/../Frameworks",
				);
				LIBRARY_SEARCH_PATHS = (
					"$(inherited)",
					"$(PROJECT_DIR)/Core",
				);
				MACOSX_DEPLOYMENT_TARGET = 14.0;
				MARKETING_VERSION = 0.0.0;
				PRODUCT_BUNDLE_IDENTIFIER = app.provenance;
				PRODUCT_NAME = "$(TARGET_NAME)";
				SWIFT_EMIT_LOC_STRINGS = YES;
				SWIFT_OBJC_BRIDGING_HEADER = "App/Resources/Provenance-Bridging-Header.h";
				SWIFT_VERSION = 5.0;
			};
			name = Debug;
		};
		AA0000000000000000000083 /* Release */ = {
			isa = XCBuildConfiguration;
			buildSettings = {
				ASSETCATALOG_COMPILER_APPICON_NAME = AppIcon;
				ASSETCATALOG_COMPILER_GLOBAL_ACCENT_COLOR_NAME = AccentColor;
				CLANG_ENABLE_OBJC_WEAK = YES;
				CODE_SIGN_ENTITLEMENTS = App/Resources/Provenance.entitlements;
				CODE_SIGN_IDENTITY = "-";
				CODE_SIGN_STYLE = Automatic;
				COMBINE_HIDPI_IMAGES = YES;
				CURRENT_PROJECT_VERSION = 1;
				DEAD_CODE_STRIPPING = YES;
				ENABLE_HARDENED_RUNTIME = YES;
				GENERATE_INFOPLIST_FILE = YES;
				HEADER_SEARCH_PATHS = (
					"$(inherited)",
					"$(PROJECT_DIR)/Core",
				);
				INFOPLIST_KEY_CFBundleDisplayName = Provenance;
				INFOPLIST_KEY_LSApplicationCategoryType = "public.app-category.reference";
				INFOPLIST_KEY_NSHumanReadableCopyright = "";
				LD_RUNPATH_SEARCH_PATHS = (
					"$(inherited)",
					"@executable_path/../Frameworks",
				);
				LIBRARY_SEARCH_PATHS = (
					"$(inherited)",
					"$(PROJECT_DIR)/Core",
				);
				MACOSX_DEPLOYMENT_TARGET = 14.0;
				MARKETING_VERSION = 0.0.0;
				PRODUCT_BUNDLE_IDENTIFIER = app.provenance;
				PRODUCT_NAME = "$(TARGET_NAME)";
				SWIFT_EMIT_LOC_STRINGS = YES;
				SWIFT_OBJC_BRIDGING_HEADER = "App/Resources/Provenance-Bridging-Header.h";
				SWIFT_VERSION = 5.0;
			};
			name = Release;
		};
/* End XCBuildConfiguration section */

/* Begin XCConfigurationList section */
		AA0000000000000000000070 /* Build configuration list for PBXProject "Provenance" */ = {
			isa = XCConfigurationList;
			buildConfigurations = (
				AA0000000000000000000080 /* Debug */,
				AA0000000000000000000081 /* Release */,
			);
			defaultConfigurationIsVisible = 0;
			defaultConfigurationName = Release;
		};
		AA0000000000000000000071 /* Build configuration list for PBXNativeTarget "Provenance" */ = {
			isa = XCConfigurationList;
			buildConfigurations = (
				AA0000000000000000000082 /* Debug */,
				AA0000000000000000000083 /* Release */,
			);
			defaultConfigurationIsVisible = 0;
			defaultConfigurationName = Release;
		};
/* End XCConfigurationList section */

/* Begin XCRemoteSwiftPackageReference section */
		AA0000000000000000000090 /* XCRemoteSwiftPackageReference "swift-protobuf" */ = {
			isa = XCRemoteSwiftPackageReference;
			repositoryURL = "https://github.com/apple/swift-protobuf.git";
			requirement = {
				kind = upToNextMajorVersion;
				minimumVersion = 1.28.2;
			};
		};
/* End XCRemoteSwiftPackageReference section */

/* Begin XCSwiftPackageProductDependency section */
		AA0000000000000000000091 /* SwiftProtobuf */ = {
			isa = XCSwiftPackageProductDependency;
			package = AA0000000000000000000090 /* XCRemoteSwiftPackageReference "swift-protobuf" */;
			productName = SwiftProtobuf;
		};
/* End XCSwiftPackageProductDependency section */
	};
	rootObject = AA0000000000000000000000 /* Project object */;
}
